// !$*UTF8*$!
{
	archiveVersion = 1;
	classes = {
	};
	objectVersion = 50;
	objects = {

/* Begin PBXBuildFile section */
		3D4DF4F2266DDCE400ECDFCC /* AppDelegate.swift in Sources */ = {isa = PBXBuildFile; fileRef = 3D4DF4F1266DDCE400ECDFCC /* AppDelegate.swift */; };
		3D4DF4F6266DDCE400ECDFCC /* ViewController.swift in Sources */ = {isa = PBXBuildFile; fileRef = 3D4DF4F5266DDCE400ECDFCC /* ViewController.swift */; };
		3D4DF4F9266DDCE400ECDFCC /* Main.storyboard in Resources */ = {isa = PBXBuildFile; fileRef = 3D4DF4F7266DDCE400ECDFCC /* Main.storyboard */; };
		3D4DF4FB266DDCE900ECDFCC /* Assets.xcassets in Resources */ = {isa = PBXBuildFile; fileRef = 3D4DF4FA266DDCE900ECDFCC /* Assets.xcassets */; };
		3D4DF4FE266DDCE900ECDFCC /* LaunchScreen.storyboard in Resources */ = {isa = PBXBuildFile; fileRef = 3D4DF4FC266DDCE900ECDFCC /* LaunchScreen.storyboard */; };
		3D4DF50C266DDEB900ECDFCC /* MyTabBarController.swift in Sources */ = {isa = PBXBuildFile; fileRef = 3D4DF50B266DDEB900ECDFCC /* MyTabBarController.swift */; };
		3D4DF518266E02CB00ECDFCC /* Utility.swift in Sources */ = {isa = PBXBuildFile; fileRef = 3D4DF517266E02CB00ECDFCC /* Utility.swift */; };
		3D4DF51A266E031600ECDFCC /* Extension+.swift in Sources */ = {isa = PBXBuildFile; fileRef = 3D4DF519266E031600ECDFCC /* Extension+.swift */; };
/* End PBXBuildFile section */

/* Begin PBXFileReference section */
		3D4DF4EE266DDCE400ECDFCC /* MyTabBarController.app */ = {isa = PBXFileReference; explicitFileType = wrapper.application; includeInIndex = 0; path = MyTabBarController.app; sourceTree = BUILT_PRODUCTS_DIR; };
		3D4DF4F1266DDCE400ECDFCC /* AppDelegate.swift */ = {isa = PBXFileReference; lastKnownFileType = sourcecode.swift; path = AppDelegate.swift; sourceTree = "<group>"; };
		3D4DF4F5266DDCE400ECDFCC /* ViewController.swift */ = {isa = PBXFileReference; lastKnownFileType = sourcecode.swift; path = ViewController.swift; sourceTree = "<group>"; };
		3D4DF4F8266DDCE400ECDFCC /* Base */ = {isa = PBXFileReference; lastKnownFileType = file.storyboard; name = Base; path = Base.lproj/Main.storyboard; sourceTree = "<group>"; };
		3D4DF4FA266DDCE900ECDFCC /* Assets.xcassets */ = {isa = PBXFileReference; lastKnownFileType = folder.assetcatalog; path = Assets.xcassets; sourceTree = "<group>"; };
		3D4DF4FD266DDCE900ECDFCC /* Base */ = {isa = PBXFileReference; lastKnownFileType = file.storyboard; name = Base; path = Base.lproj/LaunchScreen.storyboard; sourceTree = "<group>"; };
		3D4DF4FF266DDCE900ECDFCC /* Info.plist */ = {isa = PBXFileReference; lastKnownFileType = text.plist.xml; path = Info.plist; sourceTree = "<group>"; };
		3D4DF50B266DDEB900ECDFCC /* MyTabBarController.swift */ = {isa = PBXFileReference; lastKnownFileType = sourcecode.swift; path = MyTabBarController.swift; sourceTree = "<group>"; };
		3D4DF517266E02CB00ECDFCC /* Utility.swift */ = {isa = PBXFileReference; lastKnownFileType = sourcecode.swift; path = Utility.swift; sourceTree = "<group>"; };
		3D4DF519266E031600ECDFCC /* Extension+.swift */ = {isa = PBXFileReference; lastKnownFileType = sourcecode.swift; path = "Extension+.swift"; sourceTree = "<group>"; };
/* End PBXFileReference section */

/* Begin PBXFrameworksBuildPhase section */
		3D4DF4EB266DDCE400ECDFCC /* Frameworks */ = {
			isa = PBXFrameworksBuildPhase;
			buildActionMask = 2147483647;
			files = (
			);
			runOnlyForDeploymentPostprocessing = 0;
		};
/* End PBXFrameworksBuildPhase section */

/* Begin PBXGroup section */
		3D4DF4E5266DDCE400ECDFCC = {
			isa = PBXGroup;
			children = (
				3D4DF4F0266DDCE400ECDFCC /* MyTabBarController */,
				3D4DF4EF266DDCE400ECDFCC /* Products */,
			);
			sourceTree = "<group>";
		};
		3D4DF4EF266DDCE400ECDFCC /* Products */ = {
			isa = PBXGroup;
			children = (
				3D4DF4EE266DDCE400ECDFCC /* MyTabBarController.app */,
			);
			name = Products;
			sourceTree = "<group>";
		};
		3D4DF4F0266DDCE400ECDFCC /* MyTabBarController */ = {
			isa = PBXGroup;
			children = (
				3D4DF506266DDE2600ECDFCC /* Setting */,
				3D4DF507266DDE3100ECDFCC /* Material */,
				3D4DF505266DDD2900ECDFCC /* Storyboard */,
				3D4DF508266DDE4200ECDFCC /* ViewController */,
				3D4DF4F1266DDCE400ECDFCC /* AppDelegate.swift */,
			);
			path = MyTabBarController;
			sourceTree = "<group>";
		};
		3D4DF505266DDD2900ECDFCC /* Storyboard */ = {
			isa = PBXGroup;
			children = (
				3D4DF4F7266DDCE400ECDFCC /* Main.storyboard */,
				3D4DF4FC266DDCE900ECDFCC /* LaunchScreen.storyboard */,
			);
			path = Storyboard;
			sourceTree = "<group>";
		};
		3D4DF506266DDE2600ECDFCC /* Setting */ = {
			isa = PBXGroup;
			children = (
				3D4DF517266E02CB00ECDFCC /* Utility.swift */,
				3D4DF519266E031600ECDFCC /* Extension+.swift */,
				3D4DF4FF266DDCE900ECDFCC /* Info.plist */,
			);
			name = Setting;
			sourceTree = "<group>";
		};
		3D4DF507266DDE3100ECDFCC /* Material */ = {
			isa = PBXGroup;
			children = (
				3D4DF4FA266DDCE900ECDFCC /* Assets.xcassets */,
			);
			path = Material;
			sourceTree = "<group>";
		};
		3D4DF508266DDE4200ECDFCC /* ViewController */ = {
			isa = PBXGroup;
			children = (
				3D4DF4F5266DDCE400ECDFCC /* ViewController.swift */,
				3D4DF50B266DDEB900ECDFCC /* MyTabBarController.swift */,
			);
			path = ViewController;
			sourceTree = "<group>";
		};
/* End PBXGroup section */

/* Begin PBXNativeTarget section */
		3D4DF4ED266DDCE400ECDFCC /* MyTabBarController */ = {
			isa = PBXNativeTarget;
			buildConfigurationList = 3D4DF502266DDCE900ECDFCC /* Build configuration list for PBXNativeTarget "MyTabBarController" */;
			buildPhases = (
				3D4DF4EA266DDCE400ECDFCC /* Sources */,
				3D4DF4EB266DDCE400ECDFCC /* Frameworks */,
				3D4DF4EC266DDCE400ECDFCC /* Resources */,
			);
			buildRules = (
			);
			dependencies = (
			);
			name = MyTabBarController;
			productName = MyTabBarController;
			productReference = 3D4DF4EE266DDCE400ECDFCC /* MyTabBarController.app */;
			productType = "com.apple.product-type.application";
		};
/* End PBXNativeTarget section */

/* Begin PBXProject section */
		3D4DF4E6266DDCE400ECDFCC /* Project object */ = {
			isa = PBXProject;
			attributes = {
				LastSwiftUpdateCheck = 1250;
				LastUpgradeCheck = 1250;
				TargetAttributes = {
					3D4DF4ED266DDCE400ECDFCC = {
						CreatedOnToolsVersion = 12.5;
					};
				};
			};
			buildConfigurationList = 3D4DF4E9266DDCE400ECDFCC /* Build configuration list for PBXProject "MyTabBarController" */;
			compatibilityVersion = "Xcode 9.3";
			developmentRegion = en;
			hasScannedForEncodings = 0;
			knownRegions = (
				en,
				Base,
			);
			mainGroup = 3D4DF4E5266DDCE400ECDFCC;
			productRefGroup = 3D4DF4EF266DDCE400ECDFCC /* Products */;
			projectDirPath = "";
			projectRoot = "";
			targets = (
				3D4DF4ED266DDCE400ECDFCC /* MyTabBarController */,
			);
		};
/* End PBXProject section */

/* Begin PBXResourcesBuildPhase section */
		3D4DF4EC266DDCE400ECDFCC /* Resources */ = {
			isa = PBXResourcesBuildPhase;
			buildActionMask = 2147483647;
			files = (
				3D4DF4FE266DDCE900ECDFCC /* LaunchScreen.storyboard in Resources */,
				3D4DF4FB266DDCE900ECDFCC /* Assets.xcassets in Resources */,
				3D4DF4F9266DDCE400ECDFCC /* Main.storyboard in Resources */,
			);
			runOnlyForDeploymentPostprocessing = 0;
		};
/* End PBXResourcesBuildPhase section */

/* Begin PBXSourcesBuildPhase section */
		3D4DF4EA266DDCE400ECDFCC /* Sources */ = {
			isa = PBXSourcesBuildPhase;
			buildActionMask = 2147483647;
			files = (
				3D4DF518266E02CB00ECDFCC /* Utility.swift in Sources */,
				3D4DF51A266E031600ECDFCC /* Extension+.swift in Sources */,
				3D4DF4F6266DDCE400ECDFCC /* ViewController.swift in Sources */,
				3D4DF4F2266DDCE400ECDFCC /* AppDelegate.swift in Sources */,
				3D4DF50C266DDEB900ECDFCC /* MyTabBarController.swift in Sources */,
			);
			runOnlyForDeploymentPostprocessing = 0;
		};
/* End PBXSourcesBuildPhase section */

/* Begin PBXVariantGroup section */
		3D4DF4F7266DDCE400ECDFCC /* Main.storyboard */ = {
			isa = PBXVariantGroup;
			children = (
				3D4DF4F8266DDCE400ECDFCC /* Base */,
			);
			name = Main.storyboard;
			sourceTree = "<group>";
		};
		3D4DF4FC266DDCE900ECDFCC /* LaunchScreen.storyboard */ = {
			isa = PBXVariantGroup;
			children = (
				3D4DF4FD266DDCE900ECDFCC /* Base */,
			);
			name = LaunchScreen.storyboard;
			sourceTree = "<group>";
		};
/* End PBXVariantGroup section */

/* Begin XCBuildConfiguration section */
		3D4DF500266DDCE900ECDFCC /* Debug */ = {
			isa = XCBuildConfiguration;
			buildSettings = {
				ALWAYS_SEARCH_USER_PATHS = NO;
				CLANG_ANALYZER_NONNULL = YES;
				CLANG_ANALYZER_NUMBER_OBJECT_CONVERSION = YES_AGGRESSIVE;
				CLANG_CXX_LANGUAGE_STANDARD = "gnu++14";
				CLANG_CXX_LIBRARY = "libc++";
				CLANG_ENABLE_MODULES = YES;
				CLANG_ENABLE_OBJC_ARC = YES;
				CLANG_ENABLE_OBJC_WEAK = YES;
				CLANG_WARN_BLOCK_CAPTURE_AUTORELEASING = YES;
				CLANG_WARN_BOOL_CONVERSION = YES;
				CLANG_WARN_COMMA = YES;
				CLANG_WARN_CONSTANT_CONVERSION = YES;
				CLANG_WARN_DEPRECATED_OBJC_IMPLEMENTATIONS = YES;
				CLANG_WARN_DIRECT_OBJC_ISA_USAGE = YES_ERROR;
				CLANG_WARN_DOCUMENTATION_COMMENTS = YES;
				CLANG_WARN_EMPTY_BODY = YES;
				CLANG_WARN_ENUM_CONVERSION = YES;
				CLANG_WARN_INFINITE_RECURSION = YES;
				CLANG_WARN_INT_CONVERSION = YES;
				CLANG_WARN_NON_LITERAL_NULL_CONVERSION = YES;
				CLANG_WARN_OBJC_IMPLICIT_RETAIN_SELF = YES;
				CLANG_WARN_OBJC_LITERAL_CONVERSION = YES;
				CLANG_WARN_OBJC_ROOT_CLASS = YES_ERROR;
				CLANG_WARN_QUOTED_INCLUDE_IN_FRAMEWORK_HEADER = YES;
				CLANG_WARN_RANGE_LOOP_ANALYSIS = YES;
				CLANG_WARN_STRICT_PROTOTYPES = YES;
				CLANG_WARN_SUSPICIOUS_MOVE = YES;
				CLANG_WARN_UNGUARDED_AVAILABILITY = YES_AGGRESSIVE;
				CLANG_WARN_UNREACHABLE_CODE = YES;
				CLANG_WARN__DUPLICATE_METHOD_MATCH = YES;
				COPY_PHASE_STRIP = NO;
				DEBUG_INFORMATION_FORMAT = dwarf;
				ENABLE_STRICT_OBJC_MSGSEND = YES;
				ENABLE_TESTABILITY = YES;
				GCC_C_LANGUAGE_STANDARD = gnu11;
				GCC_DYNAMIC_NO_PIC = NO;
				GCC_NO_COMMON_BLOCKS = YES;
				GCC_OPTIMIZATION_LEVEL = 0;
				GCC_PREPROCESSOR_DEFINITIONS = (
					"DEBUG=1",
					"$(inherited)",
				);
				GCC_WARN_64_TO_32_BIT_CONVERSION = YES;
				GCC_WARN_ABOUT_RETURN_TYPE = YES_ERROR;
				GCC_WARN_UNDECLARED_SELECTOR = YES;
				GCC_WARN_UNINITIALIZED_AUTOS = YES_AGGRESSIVE;
				GCC_WARN_UNUSED_FUNCTION = YES;
				GCC_WARN_UNUSED_VARIABLE = YES;
				IPHONEOS_DEPLOYMENT_TARGET = 14.5;
				MTL_ENABLE_DEBUG_INFO = INCLUDE_SOURCE;
				MTL_FAST_MATH = YES;
				ONLY_ACTIVE_ARCH = YES;
				SDKROOT = iphoneos;
				SWIFT_ACTIVE_COMPILATION_CONDITIONS = DEBUG;
				SWIFT_OPTIMIZATION_LEVEL = "-Onone";
			};
			name = Debug;
		};
		3D4DF501266DDCE900ECDFCC /* Release */ = {
			isa = XCBuildConfiguration;
			buildSettings = {
				ALWAYS_SEARCH_USER_PATHS = NO;
				CLANG_ANALYZER_NONNULL = YES;
				CLANG_ANALYZER_NUMBER_OBJECT_CONVERSION = YES_AGGRESSIVE;
				CLANG_CXX_LANGUAGE_STANDARD = "gnu++14";
				CLANG_CXX_LIBRARY = "libc++";
				CLANG_ENABLE_MODULES = YES;
				CLANG_ENABLE_OBJC_ARC = YES;
				CLANG_ENABLE_OBJC_WEAK = YES;
				CLANG_WARN_BLOCK_CAPTURE_AUTORELEASING = YES;
				CLANG_WARN_BOOL_CONVERSION = YES;
				CLANG_WARN_COMMA = YES;
				CLANG_WARN_CONSTANT_CONVERSION = YES;
				CLANG_WARN_DEPRECATED_OBJC_IMPLEMENTATIONS = YES;
				CLANG_WARN_DIRECT_OBJC_ISA_USAGE = YES_ERROR;
				CLANG_WARN_DOCUMENTATION_COMMENTS = YES;
				CLANG_WARN_EMPTY_BODY = YES;
				CLANG_WARN_ENUM_CONVERSION = YES;
				CLANG_WARN_INFINITE_RECURSION = YES;
				CLANG_WARN_INT_CONVERSION = YES;
				CLANG_WARN_NON_LITERAL_NULL_CONVERSION = YES;
				CLANG_WARN_OBJC_IMPLICIT_RETAIN_SELF = YES;
				CLANG_WARN_OBJC_LITERAL_CONVERSION = YES;
				CLANG_WARN_OBJC_ROOT_CLASS = YES_ERROR;
				CLANG_WARN_QUOTED_INCLUDE_IN_FRAMEWORK_HEADER = YES;
				CLANG_WARN_RANGE_LOOP_ANALYSIS = YES;
				CLANG_WARN_STRICT_PROTOTYPES = YES;
				CLANG_WARN_SUSPICIOUS_MOVE = YES;
				CLANG_WARN_UNGUARDED_AVAILABILITY = YES_AGGRESSIVE;
				CLANG_WARN_UNREACHABLE_CODE = YES;
				CLANG_WARN__DUPLICATE_METHOD_MATCH = YES;
				COPY_PHASE_STRIP = NO;
				DEBUG_INFORMATION_FORMAT = "dwarf-with-dsym";
				ENABLE_NS_ASSERTIONS = NO;
				ENABLE_STRICT_OBJC_MSGSEND = YES;
				GCC_C_LANGUAGE_STANDARD = gnu11;
				GCC_NO_COMMON_BLOCKS = YES;
				GCC_WARN_64_TO_32_BIT_CONVERSION = YES;
				GCC_WARN_ABOUT_RETURN_TYPE = YES_ERROR;
				GCC_WARN_UNDECLARED_SELECTOR = YES;
				GCC_WARN_UNINITIALIZED_AUTOS = YES_AGGRESSIVE;
				GCC_WARN_UNUSED_FUNCTION = YES;
				GCC_WARN_UNUSED_VARIABLE = YES;
				IPHONEOS_DEPLOYMENT_TARGET = 14.5;
				MTL_ENABLE_DEBUG_INFO = NO;
				MTL_FAST_MATH = YES;
				SDKROOT = iphoneos;
				SWIFT_COMPILATION_MODE = wholemodule;
				SWIFT_OPTIMIZATION_LEVEL = "-O";
				VALIDATE_PRODUCT = YES;
			};
			name = Release;
		};
		3D4DF503266DDCE900ECDFCC /* Debug */ = {
			isa = XCBuildConfiguration;
			buildSettings = {
				ASSETCATALOG_COMPILER_APPICON_NAME = AppIcon;
				ASSETCATALOG_COMPILER_GLOBAL_ACCENT_COLOR_NAME = AccentColor;
				CODE_SIGN_STYLE = Automatic;
				DEVELOPMENT_TEAM = R848EG358D;
				INFOPLIST_FILE = MyTabBarController/Info.plist;
				IPHONEOS_DEPLOYMENT_TARGET = 12.1;
				LD_RUNPATH_SEARCH_PATHS = (
					"$(inherited)",
					"@executable_path/Frameworks",
				);
				PRODUCT_BUNDLE_IDENTIFIER = idv.william.MyTabBarController;
				PRODUCT_NAME = "$(TARGET_NAME)";
				SWIFT_VERSION = 5.0;
				TARGETED_DEVICE_FAMILY = "1,2";
			};
			name = Debug;
		};
		3D4DF504266DDCE900ECDFCC /* Release */ = {
			isa = XCBuildConfiguration;
			buildSettings = {
				ASSETCATALOG_COMPILER_APPICON_NAME = AppIcon;
				ASSETCATALOG_COMPILER_GLOBAL_ACCENT_COLOR_NAME = AccentColor;
				CODE_SIGN_STYLE = Automatic;
				DEVELOPMENT_TEAM = R848EG358D;
				INFOPLIST_FILE = MyTabBarController/Info.plist;
				IPHONEOS_DEPLOYMENT_TARGET = 12.1;
				LD_RUNPATH_SEARCH_PATHS = (
					"$(inherited)",
					"@executable_path/Frameworks",
				);
				PRODUCT_BUNDLE_IDENTIFIER = idv.william.MyTabBarController;
				PRODUCT_NAME = "$(TARGET_NAME)";
				SWIFT_VERSION = 5.0;
				TARGETED_DEVICE_FAMILY = "1,2";
			};
			name = Release;
		};
/* End XCBuildConfiguration section */

/* Begin XCConfigurationList section */
		3D4DF4E9266DDCE400ECDFCC /* Build configuration list for PBXProject "MyTabBarController" */ = {
			isa = XCConfigurationList;
			buildConfigurations = (
				3D4DF500266DDCE900ECDFCC /* Debug */,
				3D4DF501266DDCE900ECDFCC /* Release */,
			);
			defaultConfigurationIsVisible = 0;
			defaultConfigurationName = Release;
		};
		3D4DF502266DDCE900ECDFCC /* Build configuration list for PBXNativeTarget "MyTabBarController" */ = {
			isa = XCConfigurationList;
			buildConfigurations = (
				3D4DF503266DDCE900ECDFCC /* Debug */,
				3D4DF504266DDCE900ECDFCC /* Release */,
			);
			defaultConfigurationIsVisible = 0;
			defaultConfigurationName = Release;
		};
/* End XCConfigurationList section */
	};
	rootObject = 3D4DF4E6266DDCE400ECDFCC /* Project object */;
}
