{
  "object": {
    "pins": [
      {
        "package": "JGProgressHUD",
        "repositoryURL": "https://github.com/JonasGessner/JGProgressHUD",
        "state": {
          "branch": null,
          "revision": "08d130dd614a743f813286f096804c43a6ffa3f6",
          "version": "2.1.0"
        }
      },
      {
        "package": "Toast",
        "repositoryURL": "https://github.com/scalessec/Toast-Swift",
        "state": {
          "branch": null,
          "revision": "0c9493eeacb102cc614da385cfaaf475379f4ab4",
          "version": "5.0.1"
        }
      }
    ]
  },
  "version": 1
}
