// !$*UTF8*$!
{
	archiveVersion = 1;
	classes = {
	};
	objectVersion = 51;
	objects = {

/* Begin PBXBuildFile section */
		3D2ABB0722BB2FD900F2AC14 /* AppDelegate.swift in Sources */ = {isa = PBXBuildFile; fileRef = 3D2ABB0622BB2FD900F2AC14 /* AppDelegate.swift */; };
		3D2ABB0922BB2FD900F2AC14 /* ViewController.swift in Sources */ = {isa = PBXBuildFile; fileRef = 3D2ABB0822BB2FD900F2AC14 /* ViewController.swift */; };
		3D2ABB0C22BB2FD900F2AC14 /* Main.storyboard in Resources */ = {isa = PBXBuildFile; fileRef = 3D2ABB0A22BB2FD900F2AC14 /* Main.storyboard */; };
		3D2ABB0E22BB2FDA00F2AC14 /* Assets.xcassets in Resources */ = {isa = PBXBuildFile; fileRef = 3D2ABB0D22BB2FDA00F2AC14 /* Assets.xcassets */; };
		3D2ABB1122BB2FDA00F2AC14 /* LaunchScreen.storyboard in Resources */ = {isa = PBXBuildFile; fileRef = 3D2ABB0F22BB2FDA00F2AC14 /* LaunchScreen.storyboard */; };
		3DAFB25922BB34EE007E6F0A /* FIRDatabase.swift in Sources */ = {isa = PBXBuildFile; fileRef = 3DAFB25822BB34EE007E6F0A /* FIRDatabase.swift */; };
		3DAFB25B22BB3766007E6F0A /* GoogleService-Info.plist in Resources */ = {isa = PBXBuildFile; fileRef = 3DAFB25A22BB3766007E6F0A /* GoogleService-Info.plist */; };
		3DAFB25D22BB3961007E6F0A /* books.json in Resources */ = {isa = PBXBuildFile; fileRef = 3DAFB25C22BB3961007E6F0A /* books.json */; };
		3DAFB25F22BB6841007E6F0A /* Models.swift in Sources */ = {isa = PBXBuildFile; fileRef = 3DAFB25E22BB6841007E6F0A /* Models.swift */; };
		AFD3566CAAB229B5AEA2B9A2 /* Pods_FirebaseOrder.framework in Frameworks */ = {isa = PBXBuildFile; fileRef = CEEB02DA075CC19E37E9168E /* Pods_FirebaseOrder.framework */; };
/* End PBXBuildFile section */

/* Begin PBXFileReference section */
		3D2ABB0322BB2FD900F2AC14 /* FirebaseOrder.app */ = {isa = PBXFileReference; explicitFileType = wrapper.application; includeInIndex = 0; path = FirebaseOrder.app; sourceTree = BUILT_PRODUCTS_DIR; };
		3D2ABB0622BB2FD900F2AC14 /* AppDelegate.swift */ = {isa = PBXFileReference; lastKnownFileType = sourcecode.swift; path = AppDelegate.swift; sourceTree = "<group>"; };
		3D2ABB0822BB2FD900F2AC14 /* ViewController.swift */ = {isa = PBXFileReference; lastKnownFileType = sourcecode.swift; path = ViewController.swift; sourceTree = "<group>"; };
		3D2ABB0B22BB2FD900F2AC14 /* Base */ = {isa = PBXFileReference; lastKnownFileType = file.storyboard; name = Base; path = Base.lproj/Main.storyboard; sourceTree = "<group>"; };
		3D2ABB0D22BB2FDA00F2AC14 /* Assets.xcassets */ = {isa = PBXFileReference; lastKnownFileType = folder.assetcatalog; path = Assets.xcassets; sourceTree = "<group>"; };
		3D2ABB1022BB2FDA00F2AC14 /* Base */ = {isa = PBXFileReference; lastKnownFileType = file.storyboard; name = Base; path = Base.lproj/LaunchScreen.storyboard; sourceTree = "<group>"; };
		3D2ABB1222BB2FDA00F2AC14 /* Info.plist */ = {isa = PBXFileReference; lastKnownFileType = text.plist.xml; path = Info.plist; sourceTree = "<group>"; };
		3DAFB25822BB34EE007E6F0A /* FIRDatabase.swift */ = {isa = PBXFileReference; lastKnownFileType = sourcecode.swift; path = FIRDatabase.swift; sourceTree = "<group>"; };
		3DAFB25A22BB3766007E6F0A /* GoogleService-Info.plist */ = {isa = PBXFileReference; fileEncoding = 4; lastKnownFileType = text.plist.xml; path = "GoogleService-Info.plist"; sourceTree = "<group>"; };
		3DAFB25C22BB3961007E6F0A /* books.json */ = {isa = PBXFileReference; fileEncoding = 4; lastKnownFileType = text.json; path = books.json; sourceTree = "<group>"; };
		3DAFB25E22BB6841007E6F0A /* Models.swift */ = {isa = PBXFileReference; lastKnownFileType = sourcecode.swift; path = Models.swift; sourceTree = "<group>"; };
		58C7740869AD6B63190BF052 /* Pods-FirebaseOrder.debug.xcconfig */ = {isa = PBXFileReference; includeInIndex = 1; lastKnownFileType = text.xcconfig; name = "Pods-FirebaseOrder.debug.xcconfig"; path = "Target Support Files/Pods-FirebaseOrder/Pods-FirebaseOrder.debug.xcconfig"; sourceTree = "<group>"; };
		7DA6D9A5269F3A4A71D1C0D7 /* Pods-FirebaseOrder.release.xcconfig */ = {isa = PBXFileReference; includeInIndex = 1; lastKnownFileType = text.xcconfig; name = "Pods-FirebaseOrder.release.xcconfig"; path = "Target Support Files/Pods-FirebaseOrder/Pods-FirebaseOrder.release.xcconfig"; sourceTree = "<group>"; };
		CEEB02DA075CC19E37E9168E /* Pods_FirebaseOrder.framework */ = {isa = PBXFileReference; explicitFileType = wrapper.framework; includeInIndex = 0; path = Pods_FirebaseOrder.framework; sourceTree = BUILT_PRODUCTS_DIR; };
/* End PBXFileReference section */

/* Begin PBXFrameworksBuildPhase section */
		3D2ABB0022BB2FD900F2AC14 /* Frameworks */ = {
			isa = PBXFrameworksBuildPhase;
			buildActionMask = 2147483647;
			files = (
				AFD3566CAAB229B5AEA2B9A2 /* Pods_FirebaseOrder.framework in Frameworks */,
			);
			runOnlyForDeploymentPostprocessing = 0;
		};
/* End PBXFrameworksBuildPhase section */

/* Begin PBXGroup section */
		3D2ABAFA22BB2FD900F2AC14 = {
			isa = PBXGroup;
			children = (
				3D2ABB0522BB2FD900F2AC14 /* FirebaseOrder */,
				3D2ABB0422BB2FD900F2AC14 /* Products */,
				B6F6BCEE6B1CF8677448257E /* Pods */,
				86AC44964AC9F66353551320 /* Frameworks */,
			);
			sourceTree = "<group>";
		};
		3D2ABB0422BB2FD900F2AC14 /* Products */ = {
			isa = PBXGroup;
			children = (
				3D2ABB0322BB2FD900F2AC14 /* FirebaseOrder.app */,
			);
			name = Products;
			sourceTree = "<group>";
		};
		3D2ABB0522BB2FD900F2AC14 /* FirebaseOrder */ = {
			isa = PBXGroup;
			children = (
				3D2ABB1B22BB302800F2AC14 /* Setting */,
				3D2ABB1A22BB301500F2AC14 /* Material */,
				3D2ABB1922BB300700F2AC14 /* Storyboard */,
				3D2ABB1822BB2FFD00F2AC14 /* ViewController */,
				3D2ABB0622BB2FD900F2AC14 /* AppDelegate.swift */,
			);
			path = FirebaseOrder;
			sourceTree = "<group>";
		};
		3D2ABB1822BB2FFD00F2AC14 /* ViewController */ = {
			isa = PBXGroup;
			children = (
				3DAFB25E22BB6841007E6F0A /* Models.swift */,
				3DAFB25822BB34EE007E6F0A /* FIRDatabase.swift */,
				3D2ABB0822BB2FD900F2AC14 /* ViewController.swift */,
			);
			path = ViewController;
			sourceTree = "<group>";
		};
		3D2ABB1922BB300700F2AC14 /* Storyboard */ = {
			isa = PBXGroup;
			children = (
				3D2ABB0F22BB2FDA00F2AC14 /* LaunchScreen.storyboard */,
				3D2ABB0A22BB2FD900F2AC14 /* Main.storyboard */,
			);
			path = Storyboard;
			sourceTree = "<group>";
		};
		3D2ABB1A22BB301500F2AC14 /* Material */ = {
			isa = PBXGroup;
			children = (
				3DAFB25C22BB3961007E6F0A /* books.json */,
				3D2ABB0D22BB2FDA00F2AC14 /* Assets.xcassets */,
			);
			path = Material;
			sourceTree = "<group>";
		};
		3D2ABB1B22BB302800F2AC14 /* Setting */ = {
			isa = PBXGroup;
			children = (
				3D2ABB1222BB2FDA00F2AC14 /* Info.plist */,
				3DAFB25A22BB3766007E6F0A /* GoogleService-Info.plist */,
			);
			name = Setting;
			sourceTree = "<group>";
		};
		86AC44964AC9F66353551320 /* Frameworks */ = {
			isa = PBXGroup;
			children = (
				CEEB02DA075CC19E37E9168E /* Pods_FirebaseOrder.framework */,
			);
			name = Frameworks;
			sourceTree = "<group>";
		};
		B6F6BCEE6B1CF8677448257E /* Pods */ = {
			isa = PBXGroup;
			children = (
				58C7740869AD6B63190BF052 /* Pods-FirebaseOrder.debug.xcconfig */,
				7DA6D9A5269F3A4A71D1C0D7 /* Pods-FirebaseOrder.release.xcconfig */,
			);
			path = Pods;
			sourceTree = "<group>";
		};
/* End PBXGroup section */

/* Begin PBXNativeTarget section */
		3D2ABB0222BB2FD900F2AC14 /* FirebaseOrder */ = {
			isa = PBXNativeTarget;
			buildConfigurationList = 3D2ABB1522BB2FDA00F2AC14 /* Build configuration list for PBXNativeTarget "FirebaseOrder" */;
			buildPhases = (
				0046B22D209D8E6C1C11C93A /* [CP] Check Pods Manifest.lock */,
				3D2ABAFF22BB2FD900F2AC14 /* Sources */,
				3D2ABB0022BB2FD900F2AC14 /* Frameworks */,
				3D2ABB0122BB2FD900F2AC14 /* Resources */,
			);
			buildRules = (
			);
			dependencies = (
			);
			name = FirebaseOrder;
			productName = FirebaseOrder;
			productReference = 3D2ABB0322BB2FD900F2AC14 /* FirebaseOrder.app */;
			productType = "com.apple.product-type.application";
		};
/* End PBXNativeTarget section */

/* Begin PBXProject section */
		3D2ABAFB22BB2FD900F2AC14 /* Project object */ = {
			isa = PBXProject;
			attributes = {
				LastSwiftUpdateCheck = 1020;
				LastUpgradeCheck = 1020;
				ORGANIZATIONNAME = William;
				TargetAttributes = {
					3D2ABB0222BB2FD900F2AC14 = {
						CreatedOnToolsVersion = 10.2.1;
					};
				};
			};
			buildConfigurationList = 3D2ABAFE22BB2FD900F2AC14 /* Build configuration list for PBXProject "FirebaseOrder" */;
			compatibilityVersion = "Xcode 9.3";
			developmentRegion = en;
			hasScannedForEncodings = 0;
			knownRegions = (
				en,
				Base,
			);
			mainGroup = 3D2ABAFA22BB2FD900F2AC14;
			productRefGroup = 3D2ABB0422BB2FD900F2AC14 /* Products */;
			projectDirPath = "";
			projectRoot = "";
			targets = (
				3D2ABB0222BB2FD900F2AC14 /* FirebaseOrder */,
			);
		};
/* End PBXProject section */

/* Begin PBXResourcesBuildPhase section */
		3D2ABB0122BB2FD900F2AC14 /* Resources */ = {
			isa = PBXResourcesBuildPhase;
			buildActionMask = 2147483647;
			files = (
				3DAFB25D22BB3961007E6F0A /* books.json in Resources */,
				3D2ABB1122BB2FDA00F2AC14 /* LaunchScreen.storyboard in Resources */,
				3DAFB25B22BB3766007E6F0A /* GoogleService-Info.plist in Resources */,
				3D2ABB0E22BB2FDA00F2AC14 /* Assets.xcassets in Resources */,
				3D2ABB0C22BB2FD900F2AC14 /* Main.storyboard in Resources */,
			);
			runOnlyForDeploymentPostprocessing = 0;
		};
/* End PBXResourcesBuildPhase section */

/* Begin PBXShellScriptBuildPhase section */
		0046B22D209D8E6C1C11C93A /* [CP] Check Pods Manifest.lock */ = {
			isa = PBXShellScriptBuildPhase;
			buildActionMask = 2147483647;
			files = (
			);
			inputFileListPaths = (
			);
			inputPaths = (
				"${PODS_PODFILE_DIR_PATH}/Podfile.lock",
				"${PODS_ROOT}/Manifest.lock",
			);
			name = "[CP] Check Pods Manifest.lock";
			outputFileListPaths = (
			);
			outputPaths = (
				"$(DERIVED_FILE_DIR)/Pods-FirebaseOrder-checkManifestLockResult.txt",
			);
			runOnlyForDeploymentPostprocessing = 0;
			shellPath = /bin/sh;
			shellScript = "diff \"${PODS_PODFILE_DIR_PATH}/Podfile.lock\" \"${PODS_ROOT}/Manifest.lock\" > /dev/null\nif [ $? != 0 ] ; then\n    # print error to STDERR\n    echo \"error: The sandbox is not in sync with the Podfile.lock. Run 'pod install' or update your CocoaPods installation.\" >&2\n    exit 1\nfi\n# This output is used by Xcode 'outputs' to avoid re-running this script phase.\necho \"SUCCESS\" > \"${SCRIPT_OUTPUT_FILE_0}\"\n";
			showEnvVarsInLog = 0;
		};
/* End PBXShellScriptBuildPhase section */

/* Begin PBXSourcesBuildPhase section */
		3D2ABAFF22BB2FD900F2AC14 /* Sources */ = {
			isa = PBXSourcesBuildPhase;
			buildActionMask = 2147483647;
			files = (
				3D2ABB0922BB2FD900F2AC14 /* ViewController.swift in Sources */,
				3D2ABB0722BB2FD900F2AC14 /* AppDelegate.swift in Sources */,
				3DAFB25922BB34EE007E6F0A /* FIRDatabase.swift in Sources */,
				3DAFB25F22BB6841007E6F0A /* Models.swift in Sources */,
			);
			runOnlyForDeploymentPostprocessing = 0;
		};
/* End PBXSourcesBuildPhase section */

/* Begin PBXVariantGroup section */
		3D2ABB0A22BB2FD900F2AC14 /* Main.storyboard */ = {
			isa = PBXVariantGroup;
			children = (
				3D2ABB0B22BB2FD900F2AC14 /* Base */,
			);
			name = Main.storyboard;
			sourceTree = "<group>";
		};
		3D2ABB0F22BB2FDA00F2AC14 /* LaunchScreen.storyboard */ = {
			isa = PBXVariantGroup;
			children = (
				3D2ABB1022BB2FDA00F2AC14 /* Base */,
			);
			name = LaunchScreen.storyboard;
			sourceTree = "<group>";
		};
/* End PBXVariantGroup section */

/* Begin XCBuildConfiguration section */
		3D2ABB1322BB2FDA00F2AC14 /* Debug */ = {
			isa = XCBuildConfiguration;
			buildSettings = {
				ALWAYS_SEARCH_USER_PATHS = NO;
				CLANG_ANALYZER_NONNULL = YES;
				CLANG_ANALYZER_NUMBER_OBJECT_CONVERSION = YES_AGGRESSIVE;
				CLANG_CXX_LANGUAGE_STANDARD = "gnu++14";
				CLANG_CXX_LIBRARY = "libc++";
				CLANG_ENABLE_MODULES = YES;
				CLANG_ENABLE_OBJC_ARC = YES;
				CLANG_ENABLE_OBJC_WEAK = YES;
				CLANG_WARN_BLOCK_CAPTURE_AUTORELEASING = YES;
				CLANG_WARN_BOOL_CONVERSION = YES;
				CLANG_WARN_COMMA = YES;
				CLANG_WARN_CONSTANT_CONVERSION = YES;
				CLANG_WARN_DEPRECATED_OBJC_IMPLEMENTATIONS = YES;
				CLANG_WARN_DIRECT_OBJC_ISA_USAGE = YES_ERROR;
				CLANG_WARN_DOCUMENTATION_COMMENTS = YES;
				CLANG_WARN_EMPTY_BODY = YES;
				CLANG_WARN_ENUM_CONVERSION = YES;
				CLANG_WARN_INFINITE_RECURSION = YES;
				CLANG_WARN_INT_CONVERSION = YES;
				CLANG_WARN_NON_LITERAL_NULL_CONVERSION = YES;
				CLANG_WARN_OBJC_IMPLICIT_RETAIN_SELF = YES;
				CLANG_WARN_OBJC_LITERAL_CONVERSION = YES;
				CLANG_WARN_OBJC_ROOT_CLASS = YES_ERROR;
				CLANG_WARN_RANGE_LOOP_ANALYSIS = YES;
				CLANG_WARN_STRICT_PROTOTYPES = YES;
				CLANG_WARN_SUSPICIOUS_MOVE = YES;
				CLANG_WARN_UNGUARDED_AVAILABILITY = YES_AGGRESSIVE;
				CLANG_WARN_UNREACHABLE_CODE = YES;
				CLANG_WARN__DUPLICATE_METHOD_MATCH = YES;
				CODE_SIGN_IDENTITY = "iPhone Developer";
				COPY_PHASE_STRIP = NO;
				DEBUG_INFORMATION_FORMAT = dwarf;
				ENABLE_STRICT_OBJC_MSGSEND = YES;
				ENABLE_TESTABILITY = YES;
				GCC_C_LANGUAGE_STANDARD = gnu11;
				GCC_DYNAMIC_NO_PIC = NO;
				GCC_NO_COMMON_BLOCKS = YES;
				GCC_OPTIMIZATION_LEVEL = 0;
				GCC_PREPROCESSOR_DEFINITIONS = (
					"DEBUG=1",
					"$(inherited)",
				);
				GCC_WARN_64_TO_32_BIT_CONVERSION = YES;
				GCC_WARN_ABOUT_RETURN_TYPE = YES_ERROR;
				GCC_WARN_UNDECLARED_SELECTOR = YES;
				GCC_WARN_UNINITIALIZED_AUTOS = YES_AGGRESSIVE;
				GCC_WARN_UNUSED_FUNCTION = YES;
				GCC_WARN_UNUSED_VARIABLE = YES;
				IPHONEOS_DEPLOYMENT_TARGET = 12.2;
				MTL_ENABLE_DEBUG_INFO = INCLUDE_SOURCE;
				MTL_FAST_MATH = YES;
				ONLY_ACTIVE_ARCH = YES;
				SDKROOT = iphoneos;
				SWIFT_ACTIVE_COMPILATION_CONDITIONS = DEBUG;
				SWIFT_OPTIMIZATION_LEVEL = "-Onone";
			};
			name = Debug;
		};
		3D2ABB1422BB2FDA00F2AC14 /* Release */ = {
			isa = XCBuildConfiguration;
			buildSettings = {
				ALWAYS_SEARCH_USER_PATHS = NO;
				CLANG_ANALYZER_NONNULL = YES;
				CLANG_ANALYZER_NUMBER_OBJECT_CONVERSION = YES_AGGRESSIVE;
				CLANG_CXX_LANGUAGE_STANDARD = "gnu++14";
				CLANG_CXX_LIBRARY = "libc++";
				CLANG_ENABLE_MODULES = YES;
				CLANG_ENABLE_OBJC_ARC = YES;
				CLANG_ENABLE_OBJC_WEAK = YES;
				CLANG_WARN_BLOCK_CAPTURE_AUTORELEASING = YES;
				CLANG_WARN_BOOL_CONVERSION = YES;
				CLANG_WARN_COMMA = YES;
				CLANG_WARN_CONSTANT_CONVERSION = YES;
				CLANG_WARN_DEPRECATED_OBJC_IMPLEMENTATIONS = YES;
				CLANG_WARN_DIRECT_OBJC_ISA_USAGE = YES_ERROR;
				CLANG_WARN_DOCUMENTATION_COMMENTS = YES;
				CLANG_WARN_EMPTY_BODY = YES;
				CLANG_WARN_ENUM_CONVERSION = YES;
				CLANG_WARN_INFINITE_RECURSION = YES;
				CLANG_WARN_INT_CONVERSION = YES;
				CLANG_WARN_NON_LITERAL_NULL_CONVERSION = YES;
				CLANG_WARN_OBJC_IMPLICIT_RETAIN_SELF = YES;
				CLANG_WARN_OBJC_LITERAL_CONVERSION = YES;
				CLANG_WARN_OBJC_ROOT_CLASS = YES_ERROR;
				CLANG_WARN_RANGE_LOOP_ANALYSIS = YES;
				CLANG_WARN_STRICT_PROTOTYPES = YES;
				CLANG_WARN_SUSPICIOUS_MOVE = YES;
				CLANG_WARN_UNGUARDED_AVAILABILITY = YES_AGGRESSIVE;
				CLANG_WARN_UNREACHABLE_CODE = YES;
				CLANG_WARN__DUPLICATE_METHOD_MATCH = YES;
				CODE_SIGN_IDENTITY = "iPhone Developer";
				COPY_PHASE_STRIP = NO;
				DEBUG_INFORMATION_FORMAT = "dwarf-with-dsym";
				ENABLE_NS_ASSERTIONS = NO;
				ENABLE_STRICT_OBJC_MSGSEND = YES;
				GCC_C_LANGUAGE_STANDARD = gnu11;
				GCC_NO_COMMON_BLOCKS = YES;
				GCC_WARN_64_TO_32_BIT_CONVERSION = YES;
				GCC_WARN_ABOUT_RETURN_TYPE = YES_ERROR;
				GCC_WARN_UNDECLARED_SELECTOR = YES;
				GCC_WARN_UNINITIALIZED_AUTOS = YES_AGGRESSIVE;
				GCC_WARN_UNUSED_FUNCTION = YES;
				GCC_WARN_UNUSED_VARIABLE = YES;
				IPHONEOS_DEPLOYMENT_TARGET = 12.2;
				MTL_ENABLE_DEBUG_INFO = NO;
				MTL_FAST_MATH = YES;
				SDKROOT = iphoneos;
				SWIFT_COMPILATION_MODE = wholemodule;
				SWIFT_OPTIMIZATION_LEVEL = "-O";
				VALIDATE_PRODUCT = YES;
			};
			name = Release;
		};
		3D2ABB1622BB2FDA00F2AC14 /* Debug */ = {
			isa = XCBuildConfiguration;
			baseConfigurationReference = 58C7740869AD6B63190BF052 /* Pods-FirebaseOrder.debug.xcconfig */;
			buildSettings = {
				ASSETCATALOG_COMPILER_APPICON_NAME = AppIcon;
				CODE_SIGN_STYLE = Automatic;
				DEVELOPMENT_TEAM = GXE4438K84;
				INFOPLIST_FILE = FirebaseOrder/Info.plist;
				IPHONEOS_DEPLOYMENT_TARGET = 10.0;
				LD_RUNPATH_SEARCH_PATHS = (
					"$(inherited)",
					"@executable_path/Frameworks",
				);
				PRODUCT_BUNDLE_IDENTIFIER = com.idv.william.FirebaseOrder;
				PRODUCT_NAME = "$(TARGET_NAME)";
				SWIFT_VERSION = 5.0;
				TARGETED_DEVICE_FAMILY = "1,2";
			};
			name = Debug;
		};
		3D2ABB1722BB2FDA00F2AC14 /* Release */ = {
			isa = XCBuildConfiguration;
			baseConfigurationReference = 7DA6D9A5269F3A4A71D1C0D7 /* Pods-FirebaseOrder.release.xcconfig */;
			buildSettings = {
				ASSETCATALOG_COMPILER_APPICON_NAME = AppIcon;
				CODE_SIGN_STYLE = Automatic;
				DEVELOPMENT_TEAM = GXE4438K84;
				INFOPLIST_FILE = FirebaseOrder/Info.plist;
				IPHONEOS_DEPLOYMENT_TARGET = 10.0;
				LD_RUNPATH_SEARCH_PATHS = (
					"$(inherited)",
					"@executable_path/Frameworks",
				);
				PRODUCT_BUNDLE_IDENTIFIER = com.idv.william.FirebaseOrder;
				PRODUCT_NAME = "$(TARGET_NAME)";
				SWIFT_VERSION = 5.0;
				TARGETED_DEVICE_FAMILY = "1,2";
			};
			name = Release;
		};
/* End XCBuildConfiguration section */

/* Begin XCConfigurationList section */
		3D2ABAFE22BB2FD900F2AC14 /* Build configuration list for PBXProject "FirebaseOrder" */ = {
			isa = XCConfigurationList;
			buildConfigurations = (
				3D2ABB1322BB2FDA00F2AC14 /* Debug */,
				3D2ABB1422BB2FDA00F2AC14 /* Release */,
			);
			defaultConfigurationIsVisible = 0;
			defaultConfigurationName = Release;
		};
		3D2ABB1522BB2FDA00F2AC14 /* Build configuration list for PBXNativeTarget "FirebaseOrder" */ = {
			isa = XCConfigurationList;
			buildConfigurations = (
				3D2ABB1622BB2FDA00F2AC14 /* Debug */,
				3D2ABB1722BB2FDA00F2AC14 /* Release */,
			);
			defaultConfigurationIsVisible = 0;
			defaultConfigurationName = Release;
		};
/* End XCConfigurationList section */
	};
	rootObject = 3D2ABAFB22BB2FD900F2AC14 /* Project object */;
}
