// !$*UTF8*$!
{
	archiveVersion = 1;
	classes = {
	};
	objectVersion = 51;
	objects = {

/* Begin PBXBuildFile section */
		64043B2023FA99BA00BD81FA /* NFC_HTML in Resources */ = {isa = PBXBuildFile; fileRef = 64043B1F23FA99BA00BD81FA /* NFC_HTML */; };
		64F5DE8223FA7B75003AF22D /* AppDelegate.swift in Sources */ = {isa = PBXBuildFile; fileRef = 64F5DE8123FA7B75003AF22D /* AppDelegate.swift */; };
		64F5DE8423FA7B75003AF22D /* SceneDelegate.swift in Sources */ = {isa = PBXBuildFile; fileRef = 64F5DE8323FA7B75003AF22D /* SceneDelegate.swift */; };
		64F5DE8623FA7B75003AF22D /* ViewController.swift in Sources */ = {isa = PBXBuildFile; fileRef = 64F5DE8523FA7B75003AF22D /* ViewController.swift */; };
		64F5DE8923FA7B75003AF22D /* Main.storyboard in Resources */ = {isa = PBXBuildFile; fileRef = 64F5DE8723FA7B75003AF22D /* Main.storyboard */; };
		64F5DE8E23FA7B78003AF22D /* LaunchScreen.storyboard in Resources */ = {isa = PBXBuildFile; fileRef = 64F5DE8C23FA7B78003AF22D /* LaunchScreen.storyboard */; };
		64F5DE9E23FA7CC7003AF22D /* Utility.swift in Sources */ = {isa = PBXBuildFile; fileRef = 64F5DE9D23FA7CC7003AF22D /* Utility.swift */; };
		64F5DEA023FA7D85003AF22D /* GoogleService-Info.plist in Resources */ = {isa = PBXBuildFile; fileRef = 64F5DE9F23FA7D85003AF22D /* GoogleService-Info.plist */; };
		D5F51201FC06F96FA8FC1626 /* Pods_NFC_CheckIn.framework in Frameworks */ = {isa = PBXBuildFile; fileRef = B271FF28507DFA0F1A18BDC1 /* Pods_NFC_CheckIn.framework */; };
/* End PBXBuildFile section */

/* Begin PBXFileReference section */
		3E565FF68D8C6038D7C4EBDA /* Pods-NFC_CheckIn.debug.xcconfig */ = {isa = PBXFileReference; includeInIndex = 1; lastKnownFileType = text.xcconfig; name = "Pods-NFC_CheckIn.debug.xcconfig"; path = "Target Support Files/Pods-NFC_CheckIn/Pods-NFC_CheckIn.debug.xcconfig"; sourceTree = "<group>"; };
		4FB4455BC43DAA3FF70306A4 /* Pods-NFC_CheckIn.release.xcconfig */ = {isa = PBXFileReference; includeInIndex = 1; lastKnownFileType = text.xcconfig; name = "Pods-NFC_CheckIn.release.xcconfig"; path = "Target Support Files/Pods-NFC_CheckIn/Pods-NFC_CheckIn.release.xcconfig"; sourceTree = "<group>"; };
		64043B1F23FA99BA00BD81FA /* NFC_HTML */ = {isa = PBXFileReference; lastKnownFileType = folder; path = NFC_HTML; sourceTree = "<group>"; };
		64F5DE7E23FA7B75003AF22D /* NFC_CheckIn.app */ = {isa = PBXFileReference; explicitFileType = wrapper.application; includeInIndex = 0; path = NFC_CheckIn.app; sourceTree = BUILT_PRODUCTS_DIR; };
		64F5DE8123FA7B75003AF22D /* AppDelegate.swift */ = {isa = PBXFileReference; lastKnownFileType = sourcecode.swift; path = AppDelegate.swift; sourceTree = "<group>"; };
		64F5DE8323FA7B75003AF22D /* SceneDelegate.swift */ = {isa = PBXFileReference; lastKnownFileType = sourcecode.swift; path = SceneDelegate.swift; sourceTree = "<group>"; };
		64F5DE8523FA7B75003AF22D /* ViewController.swift */ = {isa = PBXFileReference; lastKnownFileType = sourcecode.swift; path = ViewController.swift; sourceTree = "<group>"; };
		64F5DE8823FA7B75003AF22D /* Base */ = {isa = PBXFileReference; lastKnownFileType = file.storyboard; name = Base; path = Base.lproj/Main.storyboard; sourceTree = "<group>"; };
		64F5DE8D23FA7B78003AF22D /* Base */ = {isa = PBXFileReference; lastKnownFileType = file.storyboard; name = Base; path = Base.lproj/LaunchScreen.storyboard; sourceTree = "<group>"; };
		64F5DE8F23FA7B78003AF22D /* Info.plist */ = {isa = PBXFileReference; lastKnownFileType = text.plist.xml; path = Info.plist; sourceTree = "<group>"; };
		64F5DE9B23FA7C72003AF22D /* NFC_CheckIn.entitlements */ = {isa = PBXFileReference; lastKnownFileType = text.plist.entitlements; path = NFC_CheckIn.entitlements; sourceTree = "<group>"; };
		64F5DE9D23FA7CC7003AF22D /* Utility.swift */ = {isa = PBXFileReference; lastKnownFileType = sourcecode.swift; path = Utility.swift; sourceTree = "<group>"; };
		64F5DE9F23FA7D85003AF22D /* GoogleService-Info.plist */ = {isa = PBXFileReference; fileEncoding = 4; lastKnownFileType = text.plist.xml; path = "GoogleService-Info.plist"; sourceTree = "<group>"; };
		B271FF28507DFA0F1A18BDC1 /* Pods_NFC_CheckIn.framework */ = {isa = PBXFileReference; explicitFileType = wrapper.framework; includeInIndex = 0; path = Pods_NFC_CheckIn.framework; sourceTree = BUILT_PRODUCTS_DIR; };
/* End PBXFileReference section */

/* Begin PBXFrameworksBuildPhase section */
		64F5DE7B23FA7B75003AF22D /* Frameworks */ = {
			isa = PBXFrameworksBuildPhase;
			buildActionMask = 2147483647;
			files = (
				D5F51201FC06F96FA8FC1626 /* Pods_NFC_CheckIn.framework in Frameworks */,
			);
			runOnlyForDeploymentPostprocessing = 0;
		};
/* End PBXFrameworksBuildPhase section */

/* Begin PBXGroup section */
		2C2F993C58C1FCA7E555FFD2 /* Frameworks */ = {
			isa = PBXGroup;
			children = (
				B271FF28507DFA0F1A18BDC1 /* Pods_NFC_CheckIn.framework */,
			);
			name = Frameworks;
			sourceTree = "<group>";
		};
		4212E93FFA6ED6C8060A1781 /* Pods */ = {
			isa = PBXGroup;
			children = (
				3E565FF68D8C6038D7C4EBDA /* Pods-NFC_CheckIn.debug.xcconfig */,
				4FB4455BC43DAA3FF70306A4 /* Pods-NFC_CheckIn.release.xcconfig */,
			);
			path = Pods;
			sourceTree = "<group>";
		};
		64F5DE7523FA7B75003AF22D = {
			isa = PBXGroup;
			children = (
				64F5DE8023FA7B75003AF22D /* NFC_CheckIn */,
				64F5DE7F23FA7B75003AF22D /* Products */,
				4212E93FFA6ED6C8060A1781 /* Pods */,
				2C2F993C58C1FCA7E555FFD2 /* Frameworks */,
			);
			sourceTree = "<group>";
		};
		64F5DE7F23FA7B75003AF22D /* Products */ = {
			isa = PBXGroup;
			children = (
				64F5DE7E23FA7B75003AF22D /* NFC_CheckIn.app */,
			);
			name = Products;
			sourceTree = "<group>";
		};
		64F5DE8023FA7B75003AF22D /* NFC_CheckIn */ = {
			isa = PBXGroup;
			children = (
				64043B1F23FA99BA00BD81FA /* NFC_HTML */,
				64F5DE9523FA7BAB003AF22D /* Setting */,
				64F5DE9C23FA7CB8003AF22D /* Utility */,
				64F5DE9A23FA7C0E003AF22D /* Material */,
				64F5DE9723FA7BD5003AF22D /* Storyboard */,
				64F5DE9823FA7BFD003AF22D /* ViewController */,
				64F5DE8123FA7B75003AF22D /* AppDelegate.swift */,
				64F5DE8323FA7B75003AF22D /* SceneDelegate.swift */,
			);
			path = NFC_CheckIn;
			sourceTree = "<group>";
		};
		64F5DE9523FA7BAB003AF22D /* Setting */ = {
			isa = PBXGroup;
			children = (
				64F5DE9B23FA7C72003AF22D /* NFC_CheckIn.entitlements */,
				64F5DE9F23FA7D85003AF22D /* GoogleService-Info.plist */,
				64F5DE8F23FA7B78003AF22D /* Info.plist */,
			);
			name = Setting;
			sourceTree = "<group>";
		};
		64F5DE9723FA7BD5003AF22D /* Storyboard */ = {
			isa = PBXGroup;
			children = (
				64F5DE8723FA7B75003AF22D /* Main.storyboard */,
				64F5DE8C23FA7B78003AF22D /* LaunchScreen.storyboard */,
			);
			path = Storyboard;
			sourceTree = "<group>";
		};
		64F5DE9823FA7BFD003AF22D /* ViewController */ = {
			isa = PBXGroup;
			children = (
				64F5DE8523FA7B75003AF22D /* ViewController.swift */,
			);
			path = ViewController;
			sourceTree = "<group>";
		};
		64F5DE9A23FA7C0E003AF22D /* Material */ = {
			isa = PBXGroup;
			children = (
			);
			path = Material;
			sourceTree = "<group>";
		};
		64F5DE9C23FA7CB8003AF22D /* Utility */ = {
			isa = PBXGroup;
			children = (
				64F5DE9D23FA7CC7003AF22D /* Utility.swift */,
			);
			path = Utility;
			sourceTree = "<group>";
		};
/* End PBXGroup section */

/* Begin PBXNativeTarget section */
		64F5DE7D23FA7B75003AF22D /* NFC_CheckIn */ = {
			isa = PBXNativeTarget;
			buildConfigurationList = 64F5DE9223FA7B78003AF22D /* Build configuration list for PBXNativeTarget "NFC_CheckIn" */;
			buildPhases = (
				441A6A7EC7B4B27BFC7F764B /* [CP] Check Pods Manifest.lock */,
				64F5DE7A23FA7B75003AF22D /* Sources */,
				64F5DE7B23FA7B75003AF22D /* Frameworks */,
				64F5DE7C23FA7B75003AF22D /* Resources */,
				9D0932246A04E7AF9C2BBB33 /* [CP] Embed Pods Frameworks */,
			);
			buildRules = (
			);
			dependencies = (
			);
			name = NFC_CheckIn;
			productName = NFC_CheckIn;
			productReference = 64F5DE7E23FA7B75003AF22D /* NFC_CheckIn.app */;
			productType = "com.apple.product-type.application";
		};
/* End PBXNativeTarget section */

/* Begin PBXProject section */
		64F5DE7623FA7B75003AF22D /* Project object */ = {
			isa = PBXProject;
			attributes = {
				LastSwiftUpdateCheck = 1130;
				LastUpgradeCheck = 1130;
				ORGANIZATIONNAME = William.Weng;
				TargetAttributes = {
					64F5DE7D23FA7B75003AF22D = {
						CreatedOnToolsVersion = 11.3.1;
					};
				};
			};
			buildConfigurationList = 64F5DE7923FA7B75003AF22D /* Build configuration list for PBXProject "NFC_CheckIn" */;
			compatibilityVersion = "Xcode 9.3";
			developmentRegion = en;
			hasScannedForEncodings = 0;
			knownRegions = (
				en,
				Base,
			);
			mainGroup = 64F5DE7523FA7B75003AF22D;
			productRefGroup = 64F5DE7F23FA7B75003AF22D /* Products */;
			projectDirPath = "";
			projectRoot = "";
			targets = (
				64F5DE7D23FA7B75003AF22D /* NFC_CheckIn */,
			);
		};
/* End PBXProject section */

/* Begin PBXResourcesBuildPhase section */
		64F5DE7C23FA7B75003AF22D /* Resources */ = {
			isa = PBXResourcesBuildPhase;
			buildActionMask = 2147483647;
			files = (
				64F5DE8E23FA7B78003AF22D /* LaunchScreen.storyboard in Resources */,
				64F5DEA023FA7D85003AF22D /* GoogleService-Info.plist in Resources */,
				64F5DE8923FA7B75003AF22D /* Main.storyboard in Resources */,
				64043B2023FA99BA00BD81FA /* NFC_HTML in Resources */,
			);
			runOnlyForDeploymentPostprocessing = 0;
		};
/* End PBXResourcesBuildPhase section */

/* Begin PBXShellScriptBuildPhase section */
		441A6A7EC7B4B27BFC7F764B /* [CP] Check Pods Manifest.lock */ = {
			isa = PBXShellScriptBuildPhase;
			buildActionMask = 2147483647;
			files = (
			);
			inputFileListPaths = (
			);
			inputPaths = (
				"${PODS_PODFILE_DIR_PATH}/Podfile.lock",
				"${PODS_ROOT}/Manifest.lock",
			);
			name = "[CP] Check Pods Manifest.lock";
			outputFileListPaths = (
			);
			outputPaths = (
				"$(DERIVED_FILE_DIR)/Pods-NFC_CheckIn-checkManifestLockResult.txt",
			);
			runOnlyForDeploymentPostprocessing = 0;
			shellPath = /bin/sh;
			shellScript = "diff \"${PODS_PODFILE_DIR_PATH}/Podfile.lock\" \"${PODS_ROOT}/Manifest.lock\" > /dev/null\nif [ $? != 0 ] ; then\n    # print error to STDERR\n    echo \"error: The sandbox is not in sync with the Podfile.lock. Run 'pod install' or update your CocoaPods installation.\" >&2\n    exit 1\nfi\n# This output is used by Xcode 'outputs' to avoid re-running this script phase.\necho \"SUCCESS\" > \"${SCRIPT_OUTPUT_FILE_0}\"\n";
			showEnvVarsInLog = 0;
		};
		9D0932246A04E7AF9C2BBB33 /* [CP] Embed Pods Frameworks */ = {
			isa = PBXShellScriptBuildPhase;
			buildActionMask = 2147483647;
			files = (
			);
			inputFileListPaths = (
				"${PODS_ROOT}/Target Support Files/Pods-NFC_CheckIn/Pods-NFC_CheckIn-frameworks-${CONFIGURATION}-input-files.xcfilelist",
			);
			name = "[CP] Embed Pods Frameworks";
			outputFileListPaths = (
				"${PODS_ROOT}/Target Support Files/Pods-NFC_CheckIn/Pods-NFC_CheckIn-frameworks-${CONFIGURATION}-output-files.xcfilelist",
			);
			runOnlyForDeploymentPostprocessing = 0;
			shellPath = /bin/sh;
			shellScript = "\"${PODS_ROOT}/Target Support Files/Pods-NFC_CheckIn/Pods-NFC_CheckIn-frameworks.sh\"\n";
			showEnvVarsInLog = 0;
		};
/* End PBXShellScriptBuildPhase section */

/* Begin PBXSourcesBuildPhase section */
		64F5DE7A23FA7B75003AF22D /* Sources */ = {
			isa = PBXSourcesBuildPhase;
			buildActionMask = 2147483647;
			files = (
				64F5DE9E23FA7CC7003AF22D /* Utility.swift in Sources */,
				64F5DE8623FA7B75003AF22D /* ViewController.swift in Sources */,
				64F5DE8223FA7B75003AF22D /* AppDelegate.swift in Sources */,
				64F5DE8423FA7B75003AF22D /* SceneDelegate.swift in Sources */,
			);
			runOnlyForDeploymentPostprocessing = 0;
		};
/* End PBXSourcesBuildPhase section */

/* Begin PBXVariantGroup section */
		64F5DE8723FA7B75003AF22D /* Main.storyboard */ = {
			isa = PBXVariantGroup;
			children = (
				64F5DE8823FA7B75003AF22D /* Base */,
			);
			name = Main.storyboard;
			sourceTree = "<group>";
		};
		64F5DE8C23FA7B78003AF22D /* LaunchScreen.storyboard */ = {
			isa = PBXVariantGroup;
			children = (
				64F5DE8D23FA7B78003AF22D /* Base */,
			);
			name = LaunchScreen.storyboard;
			sourceTree = "<group>";
		};
/* End PBXVariantGroup section */

/* Begin XCBuildConfiguration section */
		64F5DE9023FA7B78003AF22D /* Debug */ = {
			isa = XCBuildConfiguration;
			buildSettings = {
				ALWAYS_SEARCH_USER_PATHS = NO;
				CLANG_ANALYZER_NONNULL = YES;
				CLANG_ANALYZER_NUMBER_OBJECT_CONVERSION = YES_AGGRESSIVE;
				CLANG_CXX_LANGUAGE_STANDARD = "gnu++14";
				CLANG_CXX_LIBRARY = "libc++";
				CLANG_ENABLE_MODULES = YES;
				CLANG_ENABLE_OBJC_ARC = YES;
				CLANG_ENABLE_OBJC_WEAK = YES;
				CLANG_WARN_BLOCK_CAPTURE_AUTORELEASING = YES;
				CLANG_WARN_BOOL_CONVERSION = YES;
				CLANG_WARN_COMMA = YES;
				CLANG_WARN_CONSTANT_CONVERSION = YES;
				CLANG_WARN_DEPRECATED_OBJC_IMPLEMENTATIONS = YES;
				CLANG_WARN_DIRECT_OBJC_ISA_USAGE = YES_ERROR;
				CLANG_WARN_DOCUMENTATION_COMMENTS = YES;
				CLANG_WARN_EMPTY_BODY = YES;
				CLANG_WARN_ENUM_CONVERSION = YES;
				CLANG_WARN_INFINITE_RECURSION = YES;
				CLANG_WARN_INT_CONVERSION = YES;
				CLANG_WARN_NON_LITERAL_NULL_CONVERSION = YES;
				CLANG_WARN_OBJC_IMPLICIT_RETAIN_SELF = YES;
				CLANG_WARN_OBJC_LITERAL_CONVERSION = YES;
				CLANG_WARN_OBJC_ROOT_CLASS = YES_ERROR;
				CLANG_WARN_RANGE_LOOP_ANALYSIS = YES;
				CLANG_WARN_STRICT_PROTOTYPES = YES;
				CLANG_WARN_SUSPICIOUS_MOVE = YES;
				CLANG_WARN_UNGUARDED_AVAILABILITY = YES_AGGRESSIVE;
				CLANG_WARN_UNREACHABLE_CODE = YES;
				CLANG_WARN__DUPLICATE_METHOD_MATCH = YES;
				COPY_PHASE_STRIP = NO;
				DEBUG_INFORMATION_FORMAT = dwarf;
				ENABLE_STRICT_OBJC_MSGSEND = YES;
				ENABLE_TESTABILITY = YES;
				GCC_C_LANGUAGE_STANDARD = gnu11;
				GCC_DYNAMIC_NO_PIC = NO;
				GCC_NO_COMMON_BLOCKS = YES;
				GCC_OPTIMIZATION_LEVEL = 0;
				GCC_PREPROCESSOR_DEFINITIONS = (
					"DEBUG=1",
					"$(inherited)",
				);
				GCC_WARN_64_TO_32_BIT_CONVERSION = YES;
				GCC_WARN_ABOUT_RETURN_TYPE = YES_ERROR;
				GCC_WARN_UNDECLARED_SELECTOR = YES;
				GCC_WARN_UNINITIALIZED_AUTOS = YES_AGGRESSIVE;
				GCC_WARN_UNUSED_FUNCTION = YES;
				GCC_WARN_UNUSED_VARIABLE = YES;
				IPHONEOS_DEPLOYMENT_TARGET = 13.2;
				MTL_ENABLE_DEBUG_INFO = INCLUDE_SOURCE;
				MTL_FAST_MATH = YES;
				ONLY_ACTIVE_ARCH = YES;
				SDKROOT = iphoneos;
				SWIFT_ACTIVE_COMPILATION_CONDITIONS = DEBUG;
				SWIFT_OPTIMIZATION_LEVEL = "-Onone";
			};
			name = Debug;
		};
		64F5DE9123FA7B78003AF22D /* Release */ = {
			isa = XCBuildConfiguration;
			buildSettings = {
				ALWAYS_SEARCH_USER_PATHS = NO;
				CLANG_ANALYZER_NONNULL = YES;
				CLANG_ANALYZER_NUMBER_OBJECT_CONVERSION = YES_AGGRESSIVE;
				CLANG_CXX_LANGUAGE_STANDARD = "gnu++14";
				CLANG_CXX_LIBRARY = "libc++";
				CLANG_ENABLE_MODULES = YES;
				CLANG_ENABLE_OBJC_ARC = YES;
				CLANG_ENABLE_OBJC_WEAK = YES;
				CLANG_WARN_BLOCK_CAPTURE_AUTORELEASING = YES;
				CLANG_WARN_BOOL_CONVERSION = YES;
				CLANG_WARN_COMMA = YES;
				CLANG_WARN_CONSTANT_CONVERSION = YES;
				CLANG_WARN_DEPRECATED_OBJC_IMPLEMENTATIONS = YES;
				CLANG_WARN_DIRECT_OBJC_ISA_USAGE = YES_ERROR;
				CLANG_WARN_DOCUMENTATION_COMMENTS = YES;
				CLANG_WARN_EMPTY_BODY = YES;
				CLANG_WARN_ENUM_CONVERSION = YES;
				CLANG_WARN_INFINITE_RECURSION = YES;
				CLANG_WARN_INT_CONVERSION = YES;
				CLANG_WARN_NON_LITERAL_NULL_CONVERSION = YES;
				CLANG_WARN_OBJC_IMPLICIT_RETAIN_SELF = YES;
				CLANG_WARN_OBJC_LITERAL_CONVERSION = YES;
				CLANG_WARN_OBJC_ROOT_CLASS = YES_ERROR;
				CLANG_WARN_RANGE_LOOP_ANALYSIS = YES;
				CLANG_WARN_STRICT_PROTOTYPES = YES;
				CLANG_WARN_SUSPICIOUS_MOVE = YES;
				CLANG_WARN_UNGUARDED_AVAILABILITY = YES_AGGRESSIVE;
				CLANG_WARN_UNREACHABLE_CODE = YES;
				CLANG_WARN__DUPLICATE_METHOD_MATCH = YES;
				COPY_PHASE_STRIP = NO;
				DEBUG_INFORMATION_FORMAT = "dwarf-with-dsym";
				ENABLE_NS_ASSERTIONS = NO;
				ENABLE_STRICT_OBJC_MSGSEND = YES;
				GCC_C_LANGUAGE_STANDARD = gnu11;
				GCC_NO_COMMON_BLOCKS = YES;
				GCC_WARN_64_TO_32_BIT_CONVERSION = YES;
				GCC_WARN_ABOUT_RETURN_TYPE = YES_ERROR;
				GCC_WARN_UNDECLARED_SELECTOR = YES;
				GCC_WARN_UNINITIALIZED_AUTOS = YES_AGGRESSIVE;
				GCC_WARN_UNUSED_FUNCTION = YES;
				GCC_WARN_UNUSED_VARIABLE = YES;
				IPHONEOS_DEPLOYMENT_TARGET = 13.2;
				MTL_ENABLE_DEBUG_INFO = NO;
				MTL_FAST_MATH = YES;
				SDKROOT = iphoneos;
				SWIFT_COMPILATION_MODE = wholemodule;
				SWIFT_OPTIMIZATION_LEVEL = "-O";
				VALIDATE_PRODUCT = YES;
			};
			name = Release;
		};
		64F5DE9323FA7B78003AF22D /* Debug */ = {
			isa = XCBuildConfiguration;
			baseConfigurationReference = 3E565FF68D8C6038D7C4EBDA /* Pods-NFC_CheckIn.debug.xcconfig */;
			buildSettings = {
				ASSETCATALOG_COMPILER_APPICON_NAME = AppIcon;
				CODE_SIGN_ENTITLEMENTS = NFC_CheckIn/NFC_CheckIn.entitlements;
				CODE_SIGN_STYLE = Automatic;
				DEVELOPMENT_TEAM = F43WUF44B2;
				INFOPLIST_FILE = NFC_CheckIn/Info.plist;
				IPHONEOS_DEPLOYMENT_TARGET = 13.0;
				LD_RUNPATH_SEARCH_PATHS = (
					"$(inherited)",
					"@executable_path/Frameworks",
				);
				PRODUCT_BUNDLE_IDENTIFIER = "com.idv.william.nfc-check-in";
				PRODUCT_NAME = "$(TARGET_NAME)";
				SWIFT_VERSION = 5.0;
				TARGETED_DEVICE_FAMILY = "1,2";
			};
			name = Debug;
		};
		64F5DE9423FA7B78003AF22D /* Release */ = {
			isa = XCBuildConfiguration;
			baseConfigurationReference = 4FB4455BC43DAA3FF70306A4 /* Pods-NFC_CheckIn.release.xcconfig */;
			buildSettings = {
				ASSETCATALOG_COMPILER_APPICON_NAME = AppIcon;
				CODE_SIGN_ENTITLEMENTS = NFC_CheckIn/NFC_CheckIn.entitlements;
				CODE_SIGN_STYLE = Automatic;
				DEVELOPMENT_TEAM = F43WUF44B2;
				INFOPLIST_FILE = NFC_CheckIn/Info.plist;
				IPHONEOS_DEPLOYMENT_TARGET = 13.0;
				LD_RUNPATH_SEARCH_PATHS = (
					"$(inherited)",
					"@executable_path/Frameworks",
				);
				PRODUCT_BUNDLE_IDENTIFIER = "com.idv.william.nfc-check-in";
				PRODUCT_NAME = "$(TARGET_NAME)";
				SWIFT_VERSION = 5.0;
				TARGETED_DEVICE_FAMILY = "1,2";
			};
			name = Release;
		};
/* End XCBuildConfiguration section */

/* Begin XCConfigurationList section */
		64F5DE7923FA7B75003AF22D /* Build configuration list for PBXProject "NFC_CheckIn" */ = {
			isa = XCConfigurationList;
			buildConfigurations = (
				64F5DE9023FA7B78003AF22D /* Debug */,
				64F5DE9123FA7B78003AF22D /* Release */,
			);
			defaultConfigurationIsVisible = 0;
			defaultConfigurationName = Release;
		};
		64F5DE9223FA7B78003AF22D /* Build configuration list for PBXNativeTarget "NFC_CheckIn" */ = {
			isa = XCConfigurationList;
			buildConfigurations = (
				64F5DE9323FA7B78003AF22D /* Debug */,
				64F5DE9423FA7B78003AF22D /* Release */,
			);
			defaultConfigurationIsVisible = 0;
			defaultConfigurationName = Release;
		};
/* End XCConfigurationList section */
	};
	rootObject = 64F5DE7623FA7B75003AF22D /* Project object */;
}
