// !$*UTF8*$!
{
	archiveVersion = 1;
	classes = {
	};
	objectVersion = 50;
	objects = {

/* Begin PBXBuildFile section */
		3DC3AD2122535BBD0095DF96 /* AppDelegate.swift in Sources */ = {isa = PBXBuildFile; fileRef = 3DC3AD2022535BBD0095DF96 /* AppDelegate.swift */; };
		3DC3AD2322535BBD0095DF96 /* ViewController.swift in Sources */ = {isa = PBXBuildFile; fileRef = 3DC3AD2222535BBD0095DF96 /* ViewController.swift */; };
		3DC3AD2622535BBD0095DF96 /* Main.storyboard in Resources */ = {isa = PBXBuildFile; fileRef = 3DC3AD2422535BBD0095DF96 /* Main.storyboard */; };
		3DC3AD2822535BBD0095DF96 /* Assets.xcassets in Resources */ = {isa = PBXBuildFile; fileRef = 3DC3AD2722535BBD0095DF96 /* Assets.xcassets */; };
		3DC3AD2B22535BBD0095DF96 /* LaunchScreen.storyboard in Resources */ = {isa = PBXBuildFile; fileRef = 3DC3AD2922535BBD0095DF96 /* LaunchScreen.storyboard */; };
/* End PBXBuildFile section */

/* Begin PBXFileReference section */
		3DC3AD1D22535BBD0095DF96 /* DynamicCallableDemo.app */ = {isa = PBXFileReference; explicitFileType = wrapper.application; includeInIndex = 0; path = DynamicCallableDemo.app; sourceTree = BUILT_PRODUCTS_DIR; };
		3DC3AD2022535BBD0095DF96 /* AppDelegate.swift */ = {isa = PBXFileReference; lastKnownFileType = sourcecode.swift; path = AppDelegate.swift; sourceTree = "<group>"; };
		3DC3AD2222535BBD0095DF96 /* ViewController.swift */ = {isa = PBXFileReference; lastKnownFileType = sourcecode.swift; path = ViewController.swift; sourceTree = "<group>"; };
		3DC3AD2522535BBD0095DF96 /* Base */ = {isa = PBXFileReference; lastKnownFileType = file.storyboard; name = Base; path = Base.lproj/Main.storyboard; sourceTree = "<group>"; };
		3DC3AD2722535BBD0095DF96 /* Assets.xcassets */ = {isa = PBXFileReference; lastKnownFileType = folder.assetcatalog; path = Assets.xcassets; sourceTree = "<group>"; };
		3DC3AD2A22535BBD0095DF96 /* Base */ = {isa = PBXFileReference; lastKnownFileType = file.storyboard; name = Base; path = Base.lproj/LaunchScreen.storyboard; sourceTree = "<group>"; };
		3DC3AD2C22535BBD0095DF96 /* Info.plist */ = {isa = PBXFileReference; lastKnownFileType = text.plist.xml; path = Info.plist; sourceTree = "<group>"; };
/* End PBXFileReference section */

/* Begin PBXFrameworksBuildPhase section */
		3DC3AD1A22535BBD0095DF96 /* Frameworks */ = {
			isa = PBXFrameworksBuildPhase;
			buildActionMask = 2147483647;
			files = (
			);
			runOnlyForDeploymentPostprocessing = 0;
		};
/* End PBXFrameworksBuildPhase section */

/* Begin PBXGroup section */
		3DC3AD1422535BBD0095DF96 = {
			isa = PBXGroup;
			children = (
				3DC3AD1F22535BBD0095DF96 /* DynamicCallableDemo */,
				3DC3AD1E22535BBD0095DF96 /* Products */,
			);
			sourceTree = "<group>";
		};
		3DC3AD1E22535BBD0095DF96 /* Products */ = {
			isa = PBXGroup;
			children = (
				3DC3AD1D22535BBD0095DF96 /* DynamicCallableDemo.app */,
			);
			name = Products;
			sourceTree = "<group>";
		};
		3DC3AD1F22535BBD0095DF96 /* DynamicCallableDemo */ = {
			isa = PBXGroup;
			children = (
				3DC3AD3522535C090095DF96 /* Setting */,
				3DC3AD3422535BFA0095DF96 /* Material */,
				3DC3AD3322535BE70095DF96 /* Storyboard */,
				3DC3AD3222535BDB0095DF96 /* ViewController */,
				3DC3AD2022535BBD0095DF96 /* AppDelegate.swift */,
			);
			path = DynamicCallableDemo;
			sourceTree = "<group>";
		};
		3DC3AD3222535BDB0095DF96 /* ViewController */ = {
			isa = PBXGroup;
			children = (
				3DC3AD2222535BBD0095DF96 /* ViewController.swift */,
			);
			path = ViewController;
			sourceTree = "<group>";
		};
		3DC3AD3322535BE70095DF96 /* Storyboard */ = {
			isa = PBXGroup;
			children = (
				3DC3AD2422535BBD0095DF96 /* Main.storyboard */,
				3DC3AD2922535BBD0095DF96 /* LaunchScreen.storyboard */,
			);
			path = Storyboard;
			sourceTree = "<group>";
		};
		3DC3AD3422535BFA0095DF96 /* Material */ = {
			isa = PBXGroup;
			children = (
				3DC3AD2722535BBD0095DF96 /* Assets.xcassets */,
			);
			path = Material;
			sourceTree = "<group>";
		};
		3DC3AD3522535C090095DF96 /* Setting */ = {
			isa = PBXGroup;
			children = (
				3DC3AD2C22535BBD0095DF96 /* Info.plist */,
			);
			name = Setting;
			sourceTree = "<group>";
		};
/* End PBXGroup section */

/* Begin PBXNativeTarget section */
		3DC3AD1C22535BBD0095DF96 /* DynamicCallableDemo */ = {
			isa = PBXNativeTarget;
			buildConfigurationList = 3DC3AD2F22535BBD0095DF96 /* Build configuration list for PBXNativeTarget "DynamicCallableDemo" */;
			buildPhases = (
				3DC3AD1922535BBD0095DF96 /* Sources */,
				3DC3AD1A22535BBD0095DF96 /* Frameworks */,
				3DC3AD1B22535BBD0095DF96 /* Resources */,
			);
			buildRules = (
			);
			dependencies = (
			);
			name = DynamicCallableDemo;
			productName = DynamicCallableDemo;
			productReference = 3DC3AD1D22535BBD0095DF96 /* DynamicCallableDemo.app */;
			productType = "com.apple.product-type.application";
		};
/* End PBXNativeTarget section */

/* Begin PBXProject section */
		3DC3AD1522535BBD0095DF96 /* Project object */ = {
			isa = PBXProject;
			attributes = {
				LastSwiftUpdateCheck = 1020;
				LastUpgradeCheck = 1020;
				ORGANIZATIONNAME = William;
				TargetAttributes = {
					3DC3AD1C22535BBD0095DF96 = {
						CreatedOnToolsVersion = 10.2;
					};
				};
			};
			buildConfigurationList = 3DC3AD1822535BBD0095DF96 /* Build configuration list for PBXProject "DynamicCallableDemo" */;
			compatibilityVersion = "Xcode 9.3";
			developmentRegion = en;
			hasScannedForEncodings = 0;
			knownRegions = (
				en,
				Base,
			);
			mainGroup = 3DC3AD1422535BBD0095DF96;
			productRefGroup = 3DC3AD1E22535BBD0095DF96 /* Products */;
			projectDirPath = "";
			projectRoot = "";
			targets = (
				3DC3AD1C22535BBD0095DF96 /* DynamicCallableDemo */,
			);
		};
/* End PBXProject section */

/* Begin PBXResourcesBuildPhase section */
		3DC3AD1B22535BBD0095DF96 /* Resources */ = {
			isa = PBXResourcesBuildPhase;
			buildActionMask = 2147483647;
			files = (
				3DC3AD2B22535BBD0095DF96 /* LaunchScreen.storyboard in Resources */,
				3DC3AD2822535BBD0095DF96 /* Assets.xcassets in Resources */,
				3DC3AD2622535BBD0095DF96 /* Main.storyboard in Resources */,
			);
			runOnlyForDeploymentPostprocessing = 0;
		};
/* End PBXResourcesBuildPhase section */

/* Begin PBXSourcesBuildPhase section */
		3DC3AD1922535BBD0095DF96 /* Sources */ = {
			isa = PBXSourcesBuildPhase;
			buildActionMask = 2147483647;
			files = (
				3DC3AD2322535BBD0095DF96 /* ViewController.swift in Sources */,
				3DC3AD2122535BBD0095DF96 /* AppDelegate.swift in Sources */,
			);
			runOnlyForDeploymentPostprocessing = 0;
		};
/* End PBXSourcesBuildPhase section */

/* Begin PBXVariantGroup section */
		3DC3AD2422535BBD0095DF96 /* Main.storyboard */ = {
			isa = PBXVariantGroup;
			children = (
				3DC3AD2522535BBD0095DF96 /* Base */,
			);
			name = Main.storyboard;
			sourceTree = "<group>";
		};
		3DC3AD2922535BBD0095DF96 /* LaunchScreen.storyboard */ = {
			isa = PBXVariantGroup;
			children = (
				3DC3AD2A22535BBD0095DF96 /* Base */,
			);
			name = LaunchScreen.storyboard;
			sourceTree = "<group>";
		};
/* End PBXVariantGroup section */

/* Begin XCBuildConfiguration section */
		3DC3AD2D22535BBD0095DF96 /* Debug */ = {
			isa = XCBuildConfiguration;
			buildSettings = {
				ALWAYS_SEARCH_USER_PATHS = NO;
				CLANG_ANALYZER_NONNULL = YES;
				CLANG_ANALYZER_NUMBER_OBJECT_CONVERSION = YES_AGGRESSIVE;
				CLANG_CXX_LANGUAGE_STANDARD = "gnu++14";
				CLANG_CXX_LIBRARY = "libc++";
				CLANG_ENABLE_MODULES = YES;
				CLANG_ENABLE_OBJC_ARC = YES;
				CLANG_ENABLE_OBJC_WEAK = YES;
				CLANG_WARN_BLOCK_CAPTURE_AUTORELEASING = YES;
				CLANG_WARN_BOOL_CONVERSION = YES;
				CLANG_WARN_COMMA = YES;
				CLANG_WARN_CONSTANT_CONVERSION = YES;
				CLANG_WARN_DEPRECATED_OBJC_IMPLEMENTATIONS = YES;
				CLANG_WARN_DIRECT_OBJC_ISA_USAGE = YES_ERROR;
				CLANG_WARN_DOCUMENTATION_COMMENTS = YES;
				CLANG_WARN_EMPTY_BODY = YES;
				CLANG_WARN_ENUM_CONVERSION = YES;
				CLANG_WARN_INFINITE_RECURSION = YES;
				CLANG_WARN_INT_CONVERSION = YES;
				CLANG_WARN_NON_LITERAL_NULL_CONVERSION = YES;
				CLANG_WARN_OBJC_IMPLICIT_RETAIN_SELF = YES;
				CLANG_WARN_OBJC_LITERAL_CONVERSION = YES;
				CLANG_WARN_OBJC_ROOT_CLASS = YES_ERROR;
				CLANG_WARN_RANGE_LOOP_ANALYSIS = YES;
				CLANG_WARN_STRICT_PROTOTYPES = YES;
				CLANG_WARN_SUSPICIOUS_MOVE = YES;
				CLANG_WARN_UNGUARDED_AVAILABILITY = YES_AGGRESSIVE;
				CLANG_WARN_UNREACHABLE_CODE = YES;
				CLANG_WARN__DUPLICATE_METHOD_MATCH = YES;
				CODE_SIGN_IDENTITY = "iPhone Developer";
				COPY_PHASE_STRIP = NO;
				DEBUG_INFORMATION_FORMAT = dwarf;
				ENABLE_STRICT_OBJC_MSGSEND = YES;
				ENABLE_TESTABILITY = YES;
				GCC_C_LANGUAGE_STANDARD = gnu11;
				GCC_DYNAMIC_NO_PIC = NO;
				GCC_NO_COMMON_BLOCKS = YES;
				GCC_OPTIMIZATION_LEVEL = 0;
				GCC_PREPROCESSOR_DEFINITIONS = (
					"DEBUG=1",
					"$(inherited)",
				);
				GCC_WARN_64_TO_32_BIT_CONVERSION = YES;
				GCC_WARN_ABOUT_RETURN_TYPE = YES_ERROR;
				GCC_WARN_UNDECLARED_SELECTOR = YES;
				GCC_WARN_UNINITIALIZED_AUTOS = YES_AGGRESSIVE;
				GCC_WARN_UNUSED_FUNCTION = YES;
				GCC_WARN_UNUSED_VARIABLE = YES;
				IPHONEOS_DEPLOYMENT_TARGET = 12.2;
				MTL_ENABLE_DEBUG_INFO = INCLUDE_SOURCE;
				MTL_FAST_MATH = YES;
				ONLY_ACTIVE_ARCH = YES;
				SDKROOT = iphoneos;
				SWIFT_ACTIVE_COMPILATION_CONDITIONS = DEBUG;
				SWIFT_OPTIMIZATION_LEVEL = "-Onone";
			};
			name = Debug;
		};
		3DC3AD2E22535BBD0095DF96 /* Release */ = {
			isa = XCBuildConfiguration;
			buildSettings = {
				ALWAYS_SEARCH_USER_PATHS = NO;
				CLANG_ANALYZER_NONNULL = YES;
				CLANG_ANALYZER_NUMBER_OBJECT_CONVERSION = YES_AGGRESSIVE;
				CLANG_CXX_LANGUAGE_STANDARD = "gnu++14";
				CLANG_CXX_LIBRARY = "libc++";
				CLANG_ENABLE_MODULES = YES;
				CLANG_ENABLE_OBJC_ARC = YES;
				CLANG_ENABLE_OBJC_WEAK = YES;
				CLANG_WARN_BLOCK_CAPTURE_AUTORELEASING = YES;
				CLANG_WARN_BOOL_CONVERSION = YES;
				CLANG_WARN_COMMA = YES;
				CLANG_WARN_CONSTANT_CONVERSION = YES;
				CLANG_WARN_DEPRECATED_OBJC_IMPLEMENTATIONS = YES;
				CLANG_WARN_DIRECT_OBJC_ISA_USAGE = YES_ERROR;
				CLANG_WARN_DOCUMENTATION_COMMENTS = YES;
				CLANG_WARN_EMPTY_BODY = YES;
				CLANG_WARN_ENUM_CONVERSION = YES;
				CLANG_WARN_INFINITE_RECURSION = YES;
				CLANG_WARN_INT_CONVERSION = YES;
				CLANG_WARN_NON_LITERAL_NULL_CONVERSION = YES;
				CLANG_WARN_OBJC_IMPLICIT_RETAIN_SELF = YES;
				CLANG_WARN_OBJC_LITERAL_CONVERSION = YES;
				CLANG_WARN_OBJC_ROOT_CLASS = YES_ERROR;
				CLANG_WARN_RANGE_LOOP_ANALYSIS = YES;
				CLANG_WARN_STRICT_PROTOTYPES = YES;
				CLANG_WARN_SUSPICIOUS_MOVE = YES;
				CLANG_WARN_UNGUARDED_AVAILABILITY = YES_AGGRESSIVE;
				CLANG_WARN_UNREACHABLE_CODE = YES;
				CLANG_WARN__DUPLICATE_METHOD_MATCH = YES;
				CODE_SIGN_IDENTITY = "iPhone Developer";
				COPY_PHASE_STRIP = NO;
				DEBUG_INFORMATION_FORMAT = "dwarf-with-dsym";
				ENABLE_NS_ASSERTIONS = NO;
				ENABLE_STRICT_OBJC_MSGSEND = YES;
				GCC_C_LANGUAGE_STANDARD = gnu11;
				GCC_NO_COMMON_BLOCKS = YES;
				GCC_WARN_64_TO_32_BIT_CONVERSION = YES;
				GCC_WARN_ABOUT_RETURN_TYPE = YES_ERROR;
				GCC_WARN_UNDECLARED_SELECTOR = YES;
				GCC_WARN_UNINITIALIZED_AUTOS = YES_AGGRESSIVE;
				GCC_WARN_UNUSED_FUNCTION = YES;
				GCC_WARN_UNUSED_VARIABLE = YES;
				IPHONEOS_DEPLOYMENT_TARGET = 12.2;
				MTL_ENABLE_DEBUG_INFO = NO;
				MTL_FAST_MATH = YES;
				SDKROOT = iphoneos;
				SWIFT_COMPILATION_MODE = wholemodule;
				SWIFT_OPTIMIZATION_LEVEL = "-O";
				VALIDATE_PRODUCT = YES;
			};
			name = Release;
		};
		3DC3AD3022535BBD0095DF96 /* Debug */ = {
			isa = XCBuildConfiguration;
			buildSettings = {
				ASSETCATALOG_COMPILER_APPICON_NAME = AppIcon;
				CODE_SIGN_STYLE = Automatic;
				DEVELOPMENT_TEAM = GXE4438K84;
				INFOPLIST_FILE = DynamicCallableDemo/Info.plist;
				IPHONEOS_DEPLOYMENT_TARGET = 10.0;
				LD_RUNPATH_SEARCH_PATHS = (
					"$(inherited)",
					"@executable_path/Frameworks",
				);
				PRODUCT_BUNDLE_IDENTIFIER = com.idv.william.DynamicCallableDemo;
				PRODUCT_NAME = "$(TARGET_NAME)";
				SWIFT_VERSION = 5.0;
				TARGETED_DEVICE_FAMILY = "1,2";
			};
			name = Debug;
		};
		3DC3AD3122535BBD0095DF96 /* Release */ = {
			isa = XCBuildConfiguration;
			buildSettings = {
				ASSETCATALOG_COMPILER_APPICON_NAME = AppIcon;
				CODE_SIGN_STYLE = Automatic;
				DEVELOPMENT_TEAM = GXE4438K84;
				INFOPLIST_FILE = DynamicCallableDemo/Info.plist;
				IPHONEOS_DEPLOYMENT_TARGET = 10.0;
				LD_RUNPATH_SEARCH_PATHS = (
					"$(inherited)",
					"@executable_path/Frameworks",
				);
				PRODUCT_BUNDLE_IDENTIFIER = com.idv.william.DynamicCallableDemo;
				PRODUCT_NAME = "$(TARGET_NAME)";
				SWIFT_VERSION = 5.0;
				TARGETED_DEVICE_FAMILY = "1,2";
			};
			name = Release;
		};
/* End XCBuildConfiguration section */

/* Begin XCConfigurationList section */
		3DC3AD1822535BBD0095DF96 /* Build configuration list for PBXProject "DynamicCallableDemo" */ = {
			isa = XCConfigurationList;
			buildConfigurations = (
				3DC3AD2D22535BBD0095DF96 /* Debug */,
				3DC3AD2E22535BBD0095DF96 /* Release */,
			);
			defaultConfigurationIsVisible = 0;
			defaultConfigurationName = Release;
		};
		3DC3AD2F22535BBD0095DF96 /* Build configuration list for PBXNativeTarget "DynamicCallableDemo" */ = {
			isa = XCConfigurationList;
			buildConfigurations = (
				3DC3AD3022535BBD0095DF96 /* Debug */,
				3DC3AD3122535BBD0095DF96 /* Release */,
			);
			defaultConfigurationIsVisible = 0;
			defaultConfigurationName = Release;
		};
/* End XCConfigurationList section */
	};
	rootObject = 3DC3AD1522535BBD0095DF96 /* Project object */;
}
