// !$*UTF8*$!
{
	archiveVersion = 1;
	classes = {
	};
	objectVersion = 56;
	objects = {

/* Begin PBXBuildFile section */
		8113072C2912473C006ACA45 /* AppDelegate.swift in Sources */ = {isa = PBXBuildFile; fileRef = 8113072B2912473C006ACA45 /* AppDelegate.swift */; };
		811307302912473C006ACA45 /* ViewController.swift in Sources */ = {isa = PBXBuildFile; fileRef = 8113072F2912473C006ACA45 /* ViewController.swift */; };
		811307332912473C006ACA45 /* Main.storyboard in Resources */ = {isa = PBXBuildFile; fileRef = 811307312912473C006ACA45 /* Main.storyboard */; };
		811307352912473E006ACA45 /* Assets.xcassets in Resources */ = {isa = PBXBuildFile; fileRef = 811307342912473E006ACA45 /* Assets.xcassets */; };
		811307382912473E006ACA45 /* LaunchScreen.storyboard in Resources */ = {isa = PBXBuildFile; fileRef = 811307362912473E006ACA45 /* LaunchScreen.storyboard */; };
		8113074D2912676C006ACA45 /* Extension+.swift in Sources */ = {isa = PBXBuildFile; fileRef = 8113074C2912676C006ACA45 /* Extension+.swift */; };
		8188CF2A295E8EF100213C4A /* SwiftUIText.swift in Sources */ = {isa = PBXBuildFile; fileRef = 8188CF29295E8EF100213C4A /* SwiftUIText.swift */; };
		81D9606D29137D6800508C1D /* WWNetworking in Frameworks */ = {isa = PBXBuildFile; productRef = 81D9606C29137D6800508C1D /* WWNetworking */; };
/* End PBXBuildFile section */

/* Begin PBXFileReference section */
		811307282912473C006ACA45 /* ThreadSafety.app */ = {isa = PBXFileReference; explicitFileType = wrapper.application; includeInIndex = 0; path = ThreadSafety.app; sourceTree = BUILT_PRODUCTS_DIR; };
		8113072B2912473C006ACA45 /* AppDelegate.swift */ = {isa = PBXFileReference; lastKnownFileType = sourcecode.swift; path = AppDelegate.swift; sourceTree = "<group>"; };
		8113072F2912473C006ACA45 /* ViewController.swift */ = {isa = PBXFileReference; lastKnownFileType = sourcecode.swift; path = ViewController.swift; sourceTree = "<group>"; };
		811307322912473C006ACA45 /* Base */ = {isa = PBXFileReference; lastKnownFileType = file.storyboard; name = Base; path = Base.lproj/Main.storyboard; sourceTree = "<group>"; };
		811307342912473E006ACA45 /* Assets.xcassets */ = {isa = PBXFileReference; lastKnownFileType = folder.assetcatalog; path = Assets.xcassets; sourceTree = "<group>"; };
		811307372912473E006ACA45 /* Base */ = {isa = PBXFileReference; lastKnownFileType = file.storyboard; name = Base; path = Base.lproj/LaunchScreen.storyboard; sourceTree = "<group>"; };
		811307392912473E006ACA45 /* Info.plist */ = {isa = PBXFileReference; lastKnownFileType = text.plist.xml; path = Info.plist; sourceTree = "<group>"; };
		8113074C2912676C006ACA45 /* Extension+.swift */ = {isa = PBXFileReference; lastKnownFileType = sourcecode.swift; path = "Extension+.swift"; sourceTree = "<group>"; };
		8188CF29295E8EF100213C4A /* SwiftUIText.swift */ = {isa = PBXFileReference; fileEncoding = 4; lastKnownFileType = sourcecode.swift; path = SwiftUIText.swift; sourceTree = "<group>"; };
/* End PBXFileReference section */

/* Begin PBXFrameworksBuildPhase section */
		811307252912473C006ACA45 /* Frameworks */ = {
			isa = PBXFrameworksBuildPhase;
			buildActionMask = 2147483647;
			files = (
				81D9606D29137D6800508C1D /* WWNetworking in Frameworks */,
			);
			runOnlyForDeploymentPostprocessing = 0;
		};
/* End PBXFrameworksBuildPhase section */

/* Begin PBXGroup section */
		8113071F2912473C006ACA45 = {
			isa = PBXGroup;
			children = (
				8113072A2912473C006ACA45 /* ThreadSafety */,
				811307292912473C006ACA45 /* Products */,
			);
			sourceTree = "<group>";
		};
		811307292912473C006ACA45 /* Products */ = {
			isa = PBXGroup;
			children = (
				811307282912473C006ACA45 /* ThreadSafety.app */,
			);
			name = Products;
			sourceTree = "<group>";
		};
		8113072A2912473C006ACA45 /* ThreadSafety */ = {
			isa = PBXGroup;
			children = (
				811307412912498C006ACA45 /* Setting */,
				81130742291249A1006ACA45 /* Material */,
				8113074029124972006ACA45 /* Storyboard */,
				8113073F2912495E006ACA45 /* ViewController */,
				8113072B2912473C006ACA45 /* AppDelegate.swift */,
			);
			path = ThreadSafety;
			sourceTree = "<group>";
		};
		8113073F2912495E006ACA45 /* ViewController */ = {
			isa = PBXGroup;
			children = (
				81199333291A2EBE00AA7701 /* SwiftUI */,
				8113072F2912473C006ACA45 /* ViewController.swift */,
				8113074C2912676C006ACA45 /* Extension+.swift */,
			);
			path = ViewController;
			sourceTree = "<group>";
		};
		8113074029124972006ACA45 /* Storyboard */ = {
			isa = PBXGroup;
			children = (
				811307312912473C006ACA45 /* Main.storyboard */,
				811307362912473E006ACA45 /* LaunchScreen.storyboard */,
			);
			path = Storyboard;
			sourceTree = "<group>";
		};
		811307412912498C006ACA45 /* Setting */ = {
			isa = PBXGroup;
			children = (
				811307392912473E006ACA45 /* Info.plist */,
			);
			name = Setting;
			sourceTree = "<group>";
		};
		81130742291249A1006ACA45 /* Material */ = {
			isa = PBXGroup;
			children = (
				811307342912473E006ACA45 /* Assets.xcassets */,
			);
			path = Material;
			sourceTree = "<group>";
		};
		81199333291A2EBE00AA7701 /* SwiftUI */ = {
			isa = PBXGroup;
			children = (
				8188CF29295E8EF100213C4A /* SwiftUIText.swift */,
			);
			path = SwiftUI;
			sourceTree = "<group>";
		};
/* End PBXGroup section */

/* Begin PBXNativeTarget section */
		811307272912473C006ACA45 /* ThreadSafety */ = {
			isa = PBXNativeTarget;
			buildConfigurationList = 8113073C2912473E006ACA45 /* Build configuration list for PBXNativeTarget "ThreadSafety" */;
			buildPhases = (
				811307242912473C006ACA45 /* Sources */,
				811307252912473C006ACA45 /* Frameworks */,
				811307262912473C006ACA45 /* Resources */,
			);
			buildRules = (
			);
			dependencies = (
			);
			name = ThreadSafety;
			packageProductDependencies = (
				81D9606C29137D6800508C1D /* WWNetworking */,
			);
			productName = ThreadSafety;
			productReference = 811307282912473C006ACA45 /* ThreadSafety.app */;
			productType = "com.apple.product-type.application";
		};
/* End PBXNativeTarget section */

/* Begin PBXProject section */
		811307202912473C006ACA45 /* Project object */ = {
			isa = PBXProject;
			attributes = {
				BuildIndependentTargetsInParallel = 1;
				LastSwiftUpdateCheck = 1410;
				LastUpgradeCheck = 1410;
				TargetAttributes = {
					811307272912473C006ACA45 = {
						CreatedOnToolsVersion = 14.1;
					};
				};
			};
			buildConfigurationList = 811307232912473C006ACA45 /* Build configuration list for PBXProject "ThreadSafety" */;
			compatibilityVersion = "Xcode 14.0";
			developmentRegion = en;
			hasScannedForEncodings = 0;
			knownRegions = (
				en,
				Base,
			);
			mainGroup = 8113071F2912473C006ACA45;
			packageReferences = (
				81D9606B29137D6800508C1D /* XCRemoteSwiftPackageReference "WWNetworking" */,
			);
			productRefGroup = 811307292912473C006ACA45 /* Products */;
			projectDirPath = "";
			projectRoot = "";
			targets = (
				811307272912473C006ACA45 /* ThreadSafety */,
			);
		};
/* End PBXProject section */

/* Begin PBXResourcesBuildPhase section */
		811307262912473C006ACA45 /* Resources */ = {
			isa = PBXResourcesBuildPhase;
			buildActionMask = 2147483647;
			files = (
				811307382912473E006ACA45 /* LaunchScreen.storyboard in Resources */,
				811307352912473E006ACA45 /* Assets.xcassets in Resources */,
				811307332912473C006ACA45 /* Main.storyboard in Resources */,
			);
			runOnlyForDeploymentPostprocessing = 0;
		};
/* End PBXResourcesBuildPhase section */

/* Begin PBXSourcesBuildPhase section */
		811307242912473C006ACA45 /* Sources */ = {
			isa = PBXSourcesBuildPhase;
			buildActionMask = 2147483647;
			files = (
				8188CF2A295E8EF100213C4A /* SwiftUIText.swift in Sources */,
				811307302912473C006ACA45 /* ViewController.swift in Sources */,
				8113072C2912473C006ACA45 /* AppDelegate.swift in Sources */,
				8113074D2912676C006ACA45 /* Extension+.swift in Sources */,
			);
			runOnlyForDeploymentPostprocessing = 0;
		};
/* End PBXSourcesBuildPhase section */

/* Begin PBXVariantGroup section */
		811307312912473C006ACA45 /* Main.storyboard */ = {
			isa = PBXVariantGroup;
			children = (
				811307322912473C006ACA45 /* Base */,
			);
			name = Main.storyboard;
			sourceTree = "<group>";
		};
		811307362912473E006ACA45 /* LaunchScreen.storyboard */ = {
			isa = PBXVariantGroup;
			children = (
				811307372912473E006ACA45 /* Base */,
			);
			name = LaunchScreen.storyboard;
			sourceTree = "<group>";
		};
/* End PBXVariantGroup section */

/* Begin XCBuildConfiguration section */
		8113073A2912473E006ACA45 /* Debug */ = {
			isa = XCBuildConfiguration;
			buildSettings = {
				ALWAYS_SEARCH_USER_PATHS = NO;
				CLANG_ANALYZER_NONNULL = YES;
				CLANG_ANALYZER_NUMBER_OBJECT_CONVERSION = YES_AGGRESSIVE;
				CLANG_CXX_LANGUAGE_STANDARD = "gnu++20";
				CLANG_ENABLE_MODULES = YES;
				CLANG_ENABLE_OBJC_ARC = YES;
				CLANG_ENABLE_OBJC_WEAK = YES;
				CLANG_WARN_BLOCK_CAPTURE_AUTORELEASING = YES;
				CLANG_WARN_BOOL_CONVERSION = YES;
				CLANG_WARN_COMMA = YES;
				CLANG_WARN_CONSTANT_CONVERSION = YES;
				CLANG_WARN_DEPRECATED_OBJC_IMPLEMENTATIONS = YES;
				CLANG_WARN_DIRECT_OBJC_ISA_USAGE = YES_ERROR;
				CLANG_WARN_DOCUMENTATION_COMMENTS = YES;
				CLANG_WARN_EMPTY_BODY = YES;
				CLANG_WARN_ENUM_CONVERSION = YES;
				CLANG_WARN_INFINITE_RECURSION = YES;
				CLANG_WARN_INT_CONVERSION = YES;
				CLANG_WARN_NON_LITERAL_NULL_CONVERSION = YES;
				CLANG_WARN_OBJC_IMPLICIT_RETAIN_SELF = YES;
				CLANG_WARN_OBJC_LITERAL_CONVERSION = YES;
				CLANG_WARN_OBJC_ROOT_CLASS = YES_ERROR;
				CLANG_WARN_QUOTED_INCLUDE_IN_FRAMEWORK_HEADER = YES;
				CLANG_WARN_RANGE_LOOP_ANALYSIS = YES;
				CLANG_WARN_STRICT_PROTOTYPES = YES;
				CLANG_WARN_SUSPICIOUS_MOVE = YES;
				CLANG_WARN_UNGUARDED_AVAILABILITY = YES_AGGRESSIVE;
				CLANG_WARN_UNREACHABLE_CODE = YES;
				CLANG_WARN__DUPLICATE_METHOD_MATCH = YES;
				COPY_PHASE_STRIP = NO;
				DEBUG_INFORMATION_FORMAT = dwarf;
				ENABLE_STRICT_OBJC_MSGSEND = YES;
				ENABLE_TESTABILITY = YES;
				GCC_C_LANGUAGE_STANDARD = gnu11;
				GCC_DYNAMIC_NO_PIC = NO;
				GCC_NO_COMMON_BLOCKS = YES;
				GCC_OPTIMIZATION_LEVEL = 0;
				GCC_PREPROCESSOR_DEFINITIONS = (
					"DEBUG=1",
					"$(inherited)",
				);
				GCC_WARN_64_TO_32_BIT_CONVERSION = YES;
				GCC_WARN_ABOUT_RETURN_TYPE = YES_ERROR;
				GCC_WARN_UNDECLARED_SELECTOR = YES;
				GCC_WARN_UNINITIALIZED_AUTOS = YES_AGGRESSIVE;
				GCC_WARN_UNUSED_FUNCTION = YES;
				GCC_WARN_UNUSED_VARIABLE = YES;
				IPHONEOS_DEPLOYMENT_TARGET = 16.1;
				MTL_ENABLE_DEBUG_INFO = INCLUDE_SOURCE;
				MTL_FAST_MATH = YES;
				ONLY_ACTIVE_ARCH = YES;
				SDKROOT = iphoneos;
				SWIFT_ACTIVE_COMPILATION_CONDITIONS = DEBUG;
				SWIFT_OPTIMIZATION_LEVEL = "-Onone";
			};
			name = Debug;
		};
		8113073B2912473E006ACA45 /* Release */ = {
			isa = XCBuildConfiguration;
			buildSettings = {
				ALWAYS_SEARCH_USER_PATHS = NO;
				CLANG_ANALYZER_NONNULL = YES;
				CLANG_ANALYZER_NUMBER_OBJECT_CONVERSION = YES_AGGRESSIVE;
				CLANG_CXX_LANGUAGE_STANDARD = "gnu++20";
				CLANG_ENABLE_MODULES = YES;
				CLANG_ENABLE_OBJC_ARC = YES;
				CLANG_ENABLE_OBJC_WEAK = YES;
				CLANG_WARN_BLOCK_CAPTURE_AUTORELEASING = YES;
				CLANG_WARN_BOOL_CONVERSION = YES;
				CLANG_WARN_COMMA = YES;
				CLANG_WARN_CONSTANT_CONVERSION = YES;
				CLANG_WARN_DEPRECATED_OBJC_IMPLEMENTATIONS = YES;
				CLANG_WARN_DIRECT_OBJC_ISA_USAGE = YES_ERROR;
				CLANG_WARN_DOCUMENTATION_COMMENTS = YES;
				CLANG_WARN_EMPTY_BODY = YES;
				CLANG_WARN_ENUM_CONVERSION = YES;
				CLANG_WARN_INFINITE_RECURSION = YES;
				CLANG_WARN_INT_CONVERSION = YES;
				CLANG_WARN_NON_LITERAL_NULL_CONVERSION = YES;
				CLANG_WARN_OBJC_IMPLICIT_RETAIN_SELF = YES;
				CLANG_WARN_OBJC_LITERAL_CONVERSION = YES;
				CLANG_WARN_OBJC_ROOT_CLASS = YES_ERROR;
				CLANG_WARN_QUOTED_INCLUDE_IN_FRAMEWORK_HEADER = YES;
				CLANG_WARN_RANGE_LOOP_ANALYSIS = YES;
				CLANG_WARN_STRICT_PROTOTYPES = YES;
				CLANG_WARN_SUSPICIOUS_MOVE = YES;
				CLANG_WARN_UNGUARDED_AVAILABILITY = YES_AGGRESSIVE;
				CLANG_WARN_UNREACHABLE_CODE = YES;
				CLANG_WARN__DUPLICATE_METHOD_MATCH = YES;
				COPY_PHASE_STRIP = NO;
				DEBUG_INFORMATION_FORMAT = "dwarf-with-dsym";
				ENABLE_NS_ASSERTIONS = NO;
				ENABLE_STRICT_OBJC_MSGSEND = YES;
				GCC_C_LANGUAGE_STANDARD = gnu11;
				GCC_NO_COMMON_BLOCKS = YES;
				GCC_WARN_64_TO_32_BIT_CONVERSION = YES;
				GCC_WARN_ABOUT_RETURN_TYPE = YES_ERROR;
				GCC_WARN_UNDECLARED_SELECTOR = YES;
				GCC_WARN_UNINITIALIZED_AUTOS = YES_AGGRESSIVE;
				GCC_WARN_UNUSED_FUNCTION = YES;
				GCC_WARN_UNUSED_VARIABLE = YES;
				IPHONEOS_DEPLOYMENT_TARGET = 16.1;
				MTL_ENABLE_DEBUG_INFO = NO;
				MTL_FAST_MATH = YES;
				SDKROOT = iphoneos;
				SWIFT_COMPILATION_MODE = wholemodule;
				SWIFT_OPTIMIZATION_LEVEL = "-O";
				VALIDATE_PRODUCT = YES;
			};
			name = Release;
		};
		8113073D2912473E006ACA45 /* Debug */ = {
			isa = XCBuildConfiguration;
			buildSettings = {
				ASSETCATALOG_COMPILER_APPICON_NAME = AppIcon;
				ASSETCATALOG_COMPILER_GLOBAL_ACCENT_COLOR_NAME = AccentColor;
				CODE_SIGN_STYLE = Automatic;
				CURRENT_PROJECT_VERSION = 1;
				DEVELOPMENT_TEAM = F43WUF44B2;
				GENERATE_INFOPLIST_FILE = YES;
				INFOPLIST_FILE = ThreadSafety/Info.plist;
				INFOPLIST_KEY_UIApplicationSupportsIndirectInputEvents = YES;
				INFOPLIST_KEY_UILaunchStoryboardName = LaunchScreen;
				INFOPLIST_KEY_UIMainStoryboardFile = Main;
				INFOPLIST_KEY_UISupportedInterfaceOrientations_iPad = "UIInterfaceOrientationPortrait UIInterfaceOrientationPortraitUpsideDown UIInterfaceOrientationLandscapeLeft UIInterfaceOrientationLandscapeRight";
				INFOPLIST_KEY_UISupportedInterfaceOrientations_iPhone = "UIInterfaceOrientationPortrait UIInterfaceOrientationLandscapeLeft UIInterfaceOrientationLandscapeRight";
				INFOPLIST_KEY_UIUserInterfaceStyle = Light;
				IPHONEOS_DEPLOYMENT_TARGET = 13.0;
				LD_RUNPATH_SEARCH_PATHS = (
					"$(inherited)",
					"@executable_path/Frameworks",
				);
				MARKETING_VERSION = 1.0;
				PRODUCT_BUNDLE_IDENTIFIER = idv.william.Example;
				PRODUCT_NAME = "$(TARGET_NAME)";
				SUPPORTED_PLATFORMS = "iphoneos iphonesimulator";
				SUPPORTS_MACCATALYST = NO;
				SUPPORTS_MAC_DESIGNED_FOR_IPHONE_IPAD = NO;
				SWIFT_EMIT_LOC_STRINGS = YES;
				SWIFT_VERSION = 5.0;
				TARGETED_DEVICE_FAMILY = 1;
			};
			name = Debug;
		};
		8113073E2912473E006ACA45 /* Release */ = {
			isa = XCBuildConfiguration;
			buildSettings = {
				ASSETCATALOG_COMPILER_APPICON_NAME = AppIcon;
				ASSETCATALOG_COMPILER_GLOBAL_ACCENT_COLOR_NAME = AccentColor;
				CODE_SIGN_STYLE = Automatic;
				CURRENT_PROJECT_VERSION = 1;
				DEVELOPMENT_TEAM = F43WUF44B2;
				GENERATE_INFOPLIST_FILE = YES;
				INFOPLIST_FILE = ThreadSafety/Info.plist;
				INFOPLIST_KEY_UIApplicationSupportsIndirectInputEvents = YES;
				INFOPLIST_KEY_UILaunchStoryboardName = LaunchScreen;
				INFOPLIST_KEY_UIMainStoryboardFile = Main;
				INFOPLIST_KEY_UISupportedInterfaceOrientations_iPad = "UIInterfaceOrientationPortrait UIInterfaceOrientationPortraitUpsideDown UIInterfaceOrientationLandscapeLeft UIInterfaceOrientationLandscapeRight";
				INFOPLIST_KEY_UISupportedInterfaceOrientations_iPhone = "UIInterfaceOrientationPortrait UIInterfaceOrientationLandscapeLeft UIInterfaceOrientationLandscapeRight";
				INFOPLIST_KEY_UIUserInterfaceStyle = Light;
				IPHONEOS_DEPLOYMENT_TARGET = 13.0;
				LD_RUNPATH_SEARCH_PATHS = (
					"$(inherited)",
					"@executable_path/Frameworks",
				);
				MARKETING_VERSION = 1.0;
				PRODUCT_BUNDLE_IDENTIFIER = idv.william.Example;
				PRODUCT_NAME = "$(TARGET_NAME)";
				SUPPORTED_PLATFORMS = "iphoneos iphonesimulator";
				SUPPORTS_MACCATALYST = NO;
				SUPPORTS_MAC_DESIGNED_FOR_IPHONE_IPAD = NO;
				SWIFT_EMIT_LOC_STRINGS = YES;
				SWIFT_VERSION = 5.0;
				TARGETED_DEVICE_FAMILY = 1;
			};
			name = Release;
		};
/* End XCBuildConfiguration section */

/* Begin XCConfigurationList section */
		811307232912473C006ACA45 /* Build configuration list for PBXProject "ThreadSafety" */ = {
			isa = XCConfigurationList;
			buildConfigurations = (
				8113073A2912473E006ACA45 /* Debug */,
				8113073B2912473E006ACA45 /* Release */,
			);
			defaultConfigurationIsVisible = 0;
			defaultConfigurationName = Release;
		};
		8113073C2912473E006ACA45 /* Build configuration list for PBXNativeTarget "ThreadSafety" */ = {
			isa = XCConfigurationList;
			buildConfigurations = (
				8113073D2912473E006ACA45 /* Debug */,
				8113073E2912473E006ACA45 /* Release */,
			);
			defaultConfigurationIsVisible = 0;
			defaultConfigurationName = Release;
		};
/* End XCConfigurationList section */

/* Begin XCRemoteSwiftPackageReference section */
		81D9606B29137D6800508C1D /* XCRemoteSwiftPackageReference "WWNetworking" */ = {
			isa = XCRemoteSwiftPackageReference;
			repositoryURL = "https://github.com/William-Weng/WWNetworking.git";
			requirement = {
				kind = versionRange;
				maximumVersion = 2.0.0;
				minimumVersion = 1.0.0;
			};
		};
/* End XCRemoteSwiftPackageReference section */

/* Begin XCSwiftPackageProductDependency section */
		81D9606C29137D6800508C1D /* WWNetworking */ = {
			isa = XCSwiftPackageProductDependency;
			package = 81D9606B29137D6800508C1D /* XCRemoteSwiftPackageReference "WWNetworking" */;
			productName = WWNetworking;
		};
/* End XCSwiftPackageProductDependency section */
	};
	rootObject = 811307202912473C006ACA45 /* Project object */;
}
