// !$*UTF8*$!
{
	archiveVersion = 1;
	classes = {
	};
	objectVersion = 50;
	objects = {

/* Begin PBXBuildFile section */
		649C02522581C498002B6BFE /* AppDelegate.swift in Sources */ = {isa = PBXBuildFile; fileRef = 649C02512581C498002B6BFE /* AppDelegate.swift */; };
		649C02542581C498002B6BFE /* SceneDelegate.swift in Sources */ = {isa = PBXBuildFile; fileRef = 649C02532581C498002B6BFE /* SceneDelegate.swift */; };
		649C02562581C498002B6BFE /* ViewController.swift in Sources */ = {isa = PBXBuildFile; fileRef = 649C02552581C498002B6BFE /* ViewController.swift */; };
		649C02592581C498002B6BFE /* Main.storyboard in Resources */ = {isa = PBXBuildFile; fileRef = 649C02572581C498002B6BFE /* Main.storyboard */; };
		649C025B2581C49D002B6BFE /* Assets.xcassets in Resources */ = {isa = PBXBuildFile; fileRef = 649C025A2581C49D002B6BFE /* Assets.xcassets */; };
		649C025E2581C49D002B6BFE /* LaunchScreen.storyboard in Resources */ = {isa = PBXBuildFile; fileRef = 649C025C2581C49D002B6BFE /* LaunchScreen.storyboard */; };
/* End PBXBuildFile section */

/* Begin PBXFileReference section */
		649C024E2581C498002B6BFE /* EmitterAnimation.app */ = {isa = PBXFileReference; explicitFileType = wrapper.application; includeInIndex = 0; path = EmitterAnimation.app; sourceTree = BUILT_PRODUCTS_DIR; };
		649C02512581C498002B6BFE /* AppDelegate.swift */ = {isa = PBXFileReference; lastKnownFileType = sourcecode.swift; path = AppDelegate.swift; sourceTree = "<group>"; };
		649C02532581C498002B6BFE /* SceneDelegate.swift */ = {isa = PBXFileReference; lastKnownFileType = sourcecode.swift; path = SceneDelegate.swift; sourceTree = "<group>"; };
		649C02552581C498002B6BFE /* ViewController.swift */ = {isa = PBXFileReference; lastKnownFileType = sourcecode.swift; path = ViewController.swift; sourceTree = "<group>"; };
		649C02582581C498002B6BFE /* Base */ = {isa = PBXFileReference; lastKnownFileType = file.storyboard; name = Base; path = Base.lproj/Main.storyboard; sourceTree = "<group>"; };
		649C025A2581C49D002B6BFE /* Assets.xcassets */ = {isa = PBXFileReference; lastKnownFileType = folder.assetcatalog; path = Assets.xcassets; sourceTree = "<group>"; };
		649C025D2581C49D002B6BFE /* Base */ = {isa = PBXFileReference; lastKnownFileType = file.storyboard; name = Base; path = Base.lproj/LaunchScreen.storyboard; sourceTree = "<group>"; };
		649C025F2581C49D002B6BFE /* Info.plist */ = {isa = PBXFileReference; lastKnownFileType = text.plist.xml; path = Info.plist; sourceTree = "<group>"; };
/* End PBXFileReference section */

/* Begin PBXFrameworksBuildPhase section */
		649C024B2581C498002B6BFE /* Frameworks */ = {
			isa = PBXFrameworksBuildPhase;
			buildActionMask = 2147483647;
			files = (
			);
			runOnlyForDeploymentPostprocessing = 0;
		};
/* End PBXFrameworksBuildPhase section */

/* Begin PBXGroup section */
		649C02452581C498002B6BFE = {
			isa = PBXGroup;
			children = (
				649C02502581C498002B6BFE /* EmitterAnimation */,
				649C024F2581C498002B6BFE /* Products */,
			);
			sourceTree = "<group>";
		};
		649C024F2581C498002B6BFE /* Products */ = {
			isa = PBXGroup;
			children = (
				649C024E2581C498002B6BFE /* EmitterAnimation.app */,
			);
			name = Products;
			sourceTree = "<group>";
		};
		649C02502581C498002B6BFE /* EmitterAnimation */ = {
			isa = PBXGroup;
			children = (
				649C02672581C50B002B6BFE /* Setting */,
				649C02682581C519002B6BFE /* Material */,
				649C02662581C4F5002B6BFE /* Storyboard */,
				649C02652581C4C9002B6BFE /* ViewController */,
				649C02512581C498002B6BFE /* AppDelegate.swift */,
				649C02532581C498002B6BFE /* SceneDelegate.swift */,
			);
			path = EmitterAnimation;
			sourceTree = "<group>";
		};
		649C02652581C4C9002B6BFE /* ViewController */ = {
			isa = PBXGroup;
			children = (
				649C02552581C498002B6BFE /* ViewController.swift */,
			);
			path = ViewController;
			sourceTree = "<group>";
		};
		649C02662581C4F5002B6BFE /* Storyboard */ = {
			isa = PBXGroup;
			children = (
				649C02572581C498002B6BFE /* Main.storyboard */,
				649C025C2581C49D002B6BFE /* LaunchScreen.storyboard */,
			);
			path = Storyboard;
			sourceTree = "<group>";
		};
		649C02672581C50B002B6BFE /* Setting */ = {
			isa = PBXGroup;
			children = (
				649C025F2581C49D002B6BFE /* Info.plist */,
			);
			name = Setting;
			sourceTree = "<group>";
		};
		649C02682581C519002B6BFE /* Material */ = {
			isa = PBXGroup;
			children = (
				649C025A2581C49D002B6BFE /* Assets.xcassets */,
			);
			path = Material;
			sourceTree = "<group>";
		};
/* End PBXGroup section */

/* Begin PBXNativeTarget section */
		649C024D2581C498002B6BFE /* EmitterAnimation */ = {
			isa = PBXNativeTarget;
			buildConfigurationList = 649C02622581C49D002B6BFE /* Build configuration list for PBXNativeTarget "EmitterAnimation" */;
			buildPhases = (
				649C024A2581C498002B6BFE /* Sources */,
				649C024B2581C498002B6BFE /* Frameworks */,
				649C024C2581C498002B6BFE /* Resources */,
			);
			buildRules = (
			);
			dependencies = (
			);
			name = EmitterAnimation;
			productName = EmitterAnimation;
			productReference = 649C024E2581C498002B6BFE /* EmitterAnimation.app */;
			productType = "com.apple.product-type.application";
		};
/* End PBXNativeTarget section */

/* Begin PBXProject section */
		649C02462581C498002B6BFE /* Project object */ = {
			isa = PBXProject;
			attributes = {
				LastSwiftUpdateCheck = 1170;
				LastUpgradeCheck = 1170;
				ORGANIZATIONNAME = William.Weng;
				TargetAttributes = {
					649C024D2581C498002B6BFE = {
						CreatedOnToolsVersion = 11.7;
					};
				};
			};
			buildConfigurationList = 649C02492581C498002B6BFE /* Build configuration list for PBXProject "EmitterAnimation" */;
			compatibilityVersion = "Xcode 9.3";
			developmentRegion = en;
			hasScannedForEncodings = 0;
			knownRegions = (
				en,
				Base,
			);
			mainGroup = 649C02452581C498002B6BFE;
			productRefGroup = 649C024F2581C498002B6BFE /* Products */;
			projectDirPath = "";
			projectRoot = "";
			targets = (
				649C024D2581C498002B6BFE /* EmitterAnimation */,
			);
		};
/* End PBXProject section */

/* Begin PBXResourcesBuildPhase section */
		649C024C2581C498002B6BFE /* Resources */ = {
			isa = PBXResourcesBuildPhase;
			buildActionMask = 2147483647;
			files = (
				649C025E2581C49D002B6BFE /* LaunchScreen.storyboard in Resources */,
				649C025B2581C49D002B6BFE /* Assets.xcassets in Resources */,
				649C02592581C498002B6BFE /* Main.storyboard in Resources */,
			);
			runOnlyForDeploymentPostprocessing = 0;
		};
/* End PBXResourcesBuildPhase section */

/* Begin PBXSourcesBuildPhase section */
		649C024A2581C498002B6BFE /* Sources */ = {
			isa = PBXSourcesBuildPhase;
			buildActionMask = 2147483647;
			files = (
				649C02562581C498002B6BFE /* ViewController.swift in Sources */,
				649C02522581C498002B6BFE /* AppDelegate.swift in Sources */,
				649C02542581C498002B6BFE /* SceneDelegate.swift in Sources */,
			);
			runOnlyForDeploymentPostprocessing = 0;
		};
/* End PBXSourcesBuildPhase section */

/* Begin PBXVariantGroup section */
		649C02572581C498002B6BFE /* Main.storyboard */ = {
			isa = PBXVariantGroup;
			children = (
				649C02582581C498002B6BFE /* Base */,
			);
			name = Main.storyboard;
			sourceTree = "<group>";
		};
		649C025C2581C49D002B6BFE /* LaunchScreen.storyboard */ = {
			isa = PBXVariantGroup;
			children = (
				649C025D2581C49D002B6BFE /* Base */,
			);
			name = LaunchScreen.storyboard;
			sourceTree = "<group>";
		};
/* End PBXVariantGroup section */

/* Begin XCBuildConfiguration section */
		649C02602581C49D002B6BFE /* Debug */ = {
			isa = XCBuildConfiguration;
			buildSettings = {
				ALWAYS_SEARCH_USER_PATHS = NO;
				CLANG_ANALYZER_NONNULL = YES;
				CLANG_ANALYZER_NUMBER_OBJECT_CONVERSION = YES_AGGRESSIVE;
				CLANG_CXX_LANGUAGE_STANDARD = "gnu++14";
				CLANG_CXX_LIBRARY = "libc++";
				CLANG_ENABLE_MODULES = YES;
				CLANG_ENABLE_OBJC_ARC = YES;
				CLANG_ENABLE_OBJC_WEAK = YES;
				CLANG_WARN_BLOCK_CAPTURE_AUTORELEASING = YES;
				CLANG_WARN_BOOL_CONVERSION = YES;
				CLANG_WARN_COMMA = YES;
				CLANG_WARN_CONSTANT_CONVERSION = YES;
				CLANG_WARN_DEPRECATED_OBJC_IMPLEMENTATIONS = YES;
				CLANG_WARN_DIRECT_OBJC_ISA_USAGE = YES_ERROR;
				CLANG_WARN_DOCUMENTATION_COMMENTS = YES;
				CLANG_WARN_EMPTY_BODY = YES;
				CLANG_WARN_ENUM_CONVERSION = YES;
				CLANG_WARN_INFINITE_RECURSION = YES;
				CLANG_WARN_INT_CONVERSION = YES;
				CLANG_WARN_NON_LITERAL_NULL_CONVERSION = YES;
				CLANG_WARN_OBJC_IMPLICIT_RETAIN_SELF = YES;
				CLANG_WARN_OBJC_LITERAL_CONVERSION = YES;
				CLANG_WARN_OBJC_ROOT_CLASS = YES_ERROR;
				CLANG_WARN_RANGE_LOOP_ANALYSIS = YES;
				CLANG_WARN_STRICT_PROTOTYPES = YES;
				CLANG_WARN_SUSPICIOUS_MOVE = YES;
				CLANG_WARN_UNGUARDED_AVAILABILITY = YES_AGGRESSIVE;
				CLANG_WARN_UNREACHABLE_CODE = YES;
				CLANG_WARN__DUPLICATE_METHOD_MATCH = YES;
				COPY_PHASE_STRIP = NO;
				DEBUG_INFORMATION_FORMAT = dwarf;
				ENABLE_STRICT_OBJC_MSGSEND = YES;
				ENABLE_TESTABILITY = YES;
				GCC_C_LANGUAGE_STANDARD = gnu11;
				GCC_DYNAMIC_NO_PIC = NO;
				GCC_NO_COMMON_BLOCKS = YES;
				GCC_OPTIMIZATION_LEVEL = 0;
				GCC_PREPROCESSOR_DEFINITIONS = (
					"DEBUG=1",
					"$(inherited)",
				);
				GCC_WARN_64_TO_32_BIT_CONVERSION = YES;
				GCC_WARN_ABOUT_RETURN_TYPE = YES_ERROR;
				GCC_WARN_UNDECLARED_SELECTOR = YES;
				GCC_WARN_UNINITIALIZED_AUTOS = YES_AGGRESSIVE;
				GCC_WARN_UNUSED_FUNCTION = YES;
				GCC_WARN_UNUSED_VARIABLE = YES;
				IPHONEOS_DEPLOYMENT_TARGET = 13.7;
				MTL_ENABLE_DEBUG_INFO = INCLUDE_SOURCE;
				MTL_FAST_MATH = YES;
				ONLY_ACTIVE_ARCH = YES;
				SDKROOT = iphoneos;
				SWIFT_ACTIVE_COMPILATION_CONDITIONS = DEBUG;
				SWIFT_OPTIMIZATION_LEVEL = "-Onone";
			};
			name = Debug;
		};
		649C02612581C49D002B6BFE /* Release */ = {
			isa = XCBuildConfiguration;
			buildSettings = {
				ALWAYS_SEARCH_USER_PATHS = NO;
				CLANG_ANALYZER_NONNULL = YES;
				CLANG_ANALYZER_NUMBER_OBJECT_CONVERSION = YES_AGGRESSIVE;
				CLANG_CXX_LANGUAGE_STANDARD = "gnu++14";
				CLANG_CXX_LIBRARY = "libc++";
				CLANG_ENABLE_MODULES = YES;
				CLANG_ENABLE_OBJC_ARC = YES;
				CLANG_ENABLE_OBJC_WEAK = YES;
				CLANG_WARN_BLOCK_CAPTURE_AUTORELEASING = YES;
				CLANG_WARN_BOOL_CONVERSION = YES;
				CLANG_WARN_COMMA = YES;
				CLANG_WARN_CONSTANT_CONVERSION = YES;
				CLANG_WARN_DEPRECATED_OBJC_IMPLEMENTATIONS = YES;
				CLANG_WARN_DIRECT_OBJC_ISA_USAGE = YES_ERROR;
				CLANG_WARN_DOCUMENTATION_COMMENTS = YES;
				CLANG_WARN_EMPTY_BODY = YES;
				CLANG_WARN_ENUM_CONVERSION = YES;
				CLANG_WARN_INFINITE_RECURSION = YES;
				CLANG_WARN_INT_CONVERSION = YES;
				CLANG_WARN_NON_LITERAL_NULL_CONVERSION = YES;
				CLANG_WARN_OBJC_IMPLICIT_RETAIN_SELF = YES;
				CLANG_WARN_OBJC_LITERAL_CONVERSION = YES;
				CLANG_WARN_OBJC_ROOT_CLASS = YES_ERROR;
				CLANG_WARN_RANGE_LOOP_ANALYSIS = YES;
				CLANG_WARN_STRICT_PROTOTYPES = YES;
				CLANG_WARN_SUSPICIOUS_MOVE = YES;
				CLANG_WARN_UNGUARDED_AVAILABILITY = YES_AGGRESSIVE;
				CLANG_WARN_UNREACHABLE_CODE = YES;
				CLANG_WARN__DUPLICATE_METHOD_MATCH = YES;
				COPY_PHASE_STRIP = NO;
				DEBUG_INFORMATION_FORMAT = "dwarf-with-dsym";
				ENABLE_NS_ASSERTIONS = NO;
				ENABLE_STRICT_OBJC_MSGSEND = YES;
				GCC_C_LANGUAGE_STANDARD = gnu11;
				GCC_NO_COMMON_BLOCKS = YES;
				GCC_WARN_64_TO_32_BIT_CONVERSION = YES;
				GCC_WARN_ABOUT_RETURN_TYPE = YES_ERROR;
				GCC_WARN_UNDECLARED_SELECTOR = YES;
				GCC_WARN_UNINITIALIZED_AUTOS = YES_AGGRESSIVE;
				GCC_WARN_UNUSED_FUNCTION = YES;
				GCC_WARN_UNUSED_VARIABLE = YES;
				IPHONEOS_DEPLOYMENT_TARGET = 13.7;
				MTL_ENABLE_DEBUG_INFO = NO;
				MTL_FAST_MATH = YES;
				SDKROOT = iphoneos;
				SWIFT_COMPILATION_MODE = wholemodule;
				SWIFT_OPTIMIZATION_LEVEL = "-O";
				VALIDATE_PRODUCT = YES;
			};
			name = Release;
		};
		649C02632581C49D002B6BFE /* Debug */ = {
			isa = XCBuildConfiguration;
			buildSettings = {
				ASSETCATALOG_COMPILER_APPICON_NAME = AppIcon;
				CODE_SIGN_STYLE = Automatic;
				DEVELOPMENT_TEAM = R848EG358D;
				INFOPLIST_FILE = EmitterAnimation/Info.plist;
				IPHONEOS_DEPLOYMENT_TARGET = 11.0;
				LD_RUNPATH_SEARCH_PATHS = (
					"$(inherited)",
					"@executable_path/Frameworks",
				);
				PRODUCT_BUNDLE_IDENTIFIER = com.idv.william.EmitterAnimation;
				PRODUCT_NAME = "$(TARGET_NAME)";
				SWIFT_VERSION = 5.0;
				TARGETED_DEVICE_FAMILY = "1,2";
			};
			name = Debug;
		};
		649C02642581C49D002B6BFE /* Release */ = {
			isa = XCBuildConfiguration;
			buildSettings = {
				ASSETCATALOG_COMPILER_APPICON_NAME = AppIcon;
				CODE_SIGN_STYLE = Automatic;
				DEVELOPMENT_TEAM = R848EG358D;
				INFOPLIST_FILE = EmitterAnimation/Info.plist;
				IPHONEOS_DEPLOYMENT_TARGET = 11.0;
				LD_RUNPATH_SEARCH_PATHS = (
					"$(inherited)",
					"@executable_path/Frameworks",
				);
				PRODUCT_BUNDLE_IDENTIFIER = com.idv.william.EmitterAnimation;
				PRODUCT_NAME = "$(TARGET_NAME)";
				SWIFT_VERSION = 5.0;
				TARGETED_DEVICE_FAMILY = "1,2";
			};
			name = Release;
		};
/* End XCBuildConfiguration section */

/* Begin XCConfigurationList section */
		649C02492581C498002B6BFE /* Build configuration list for PBXProject "EmitterAnimation" */ = {
			isa = XCConfigurationList;
			buildConfigurations = (
				649C02602581C49D002B6BFE /* Debug */,
				649C02612581C49D002B6BFE /* Release */,
			);
			defaultConfigurationIsVisible = 0;
			defaultConfigurationName = Release;
		};
		649C02622581C49D002B6BFE /* Build configuration list for PBXNativeTarget "EmitterAnimation" */ = {
			isa = XCConfigurationList;
			buildConfigurations = (
				649C02632581C49D002B6BFE /* Debug */,
				649C02642581C49D002B6BFE /* Release */,
			);
			defaultConfigurationIsVisible = 0;
			defaultConfigurationName = Release;
		};
/* End XCConfigurationList section */
	};
	rootObject = 649C02462581C498002B6BFE /* Project object */;
}
