// !$*UTF8*$!
{
	archiveVersion = 1;
	classes = {
	};
	objectVersion = 50;
	objects = {

/* Begin PBXBuildFile section */
		6438A77F26648ACC0097A732 /* AppDelegate.swift in Sources */ = {isa = PBXBuildFile; fileRef = 6438A77E26648ACC0097A732 /* AppDelegate.swift */; };
		6438A78326648ACC0097A732 /* ViewController.swift in Sources */ = {isa = PBXBuildFile; fileRef = 6438A78226648ACC0097A732 /* ViewController.swift */; };
		6438A78626648ACC0097A732 /* Main.storyboard in Resources */ = {isa = PBXBuildFile; fileRef = 6438A78426648ACC0097A732 /* Main.storyboard */; };
		6438A78826648ACC0097A732 /* Assets.xcassets in Resources */ = {isa = PBXBuildFile; fileRef = 6438A78726648ACC0097A732 /* Assets.xcassets */; };
		6438A78B26648ACC0097A732 /* LaunchScreen.storyboard in Resources */ = {isa = PBXBuildFile; fileRef = 6438A78926648ACC0097A732 /* LaunchScreen.storyboard */; };
		6438A79726648B900097A732 /* Extension+..swift in Sources */ = {isa = PBXBuildFile; fileRef = 6438A79626648B900097A732 /* Extension+..swift */; };
		6438A799266491DF0097A732 /* Utility.swift in Sources */ = {isa = PBXBuildFile; fileRef = 6438A798266491DF0097A732 /* Utility.swift */; };
/* End PBXBuildFile section */

/* Begin PBXFileReference section */
		6438A77B26648ACC0097A732 /* MyLocation.app */ = {isa = PBXFileReference; explicitFileType = wrapper.application; includeInIndex = 0; path = MyLocation.app; sourceTree = BUILT_PRODUCTS_DIR; };
		6438A77E26648ACC0097A732 /* AppDelegate.swift */ = {isa = PBXFileReference; lastKnownFileType = sourcecode.swift; path = AppDelegate.swift; sourceTree = "<group>"; };
		6438A78226648ACC0097A732 /* ViewController.swift */ = {isa = PBXFileReference; lastKnownFileType = sourcecode.swift; path = ViewController.swift; sourceTree = "<group>"; };
		6438A78526648ACC0097A732 /* Base */ = {isa = PBXFileReference; lastKnownFileType = file.storyboard; name = Base; path = Base.lproj/Main.storyboard; sourceTree = "<group>"; };
		6438A78726648ACC0097A732 /* Assets.xcassets */ = {isa = PBXFileReference; lastKnownFileType = folder.assetcatalog; path = Assets.xcassets; sourceTree = "<group>"; };
		6438A78A26648ACC0097A732 /* Base */ = {isa = PBXFileReference; lastKnownFileType = file.storyboard; name = Base; path = Base.lproj/LaunchScreen.storyboard; sourceTree = "<group>"; };
		6438A78C26648ACC0097A732 /* Info.plist */ = {isa = PBXFileReference; lastKnownFileType = text.plist.xml; path = Info.plist; sourceTree = "<group>"; };
		6438A79626648B900097A732 /* Extension+..swift */ = {isa = PBXFileReference; lastKnownFileType = sourcecode.swift; path = "Extension+..swift"; sourceTree = "<group>"; };
		6438A798266491DF0097A732 /* Utility.swift */ = {isa = PBXFileReference; lastKnownFileType = sourcecode.swift; path = Utility.swift; sourceTree = "<group>"; };
/* End PBXFileReference section */

/* Begin PBXFrameworksBuildPhase section */
		6438A77826648ACC0097A732 /* Frameworks */ = {
			isa = PBXFrameworksBuildPhase;
			buildActionMask = 2147483647;
			files = (
			);
			runOnlyForDeploymentPostprocessing = 0;
		};
/* End PBXFrameworksBuildPhase section */

/* Begin PBXGroup section */
		6438A77226648ACC0097A732 = {
			isa = PBXGroup;
			children = (
				6438A77D26648ACC0097A732 /* MyLocation */,
				6438A77C26648ACC0097A732 /* Products */,
			);
			sourceTree = "<group>";
		};
		6438A77C26648ACC0097A732 /* Products */ = {
			isa = PBXGroup;
			children = (
				6438A77B26648ACC0097A732 /* MyLocation.app */,
			);
			name = Products;
			sourceTree = "<group>";
		};
		6438A77D26648ACC0097A732 /* MyLocation */ = {
			isa = PBXGroup;
			children = (
				6438A79426648B210097A732 /* Setting */,
				6438A79226648B040097A732 /* Materail */,
				6438A79326648B150097A732 /* Storyboard */,
				6438A79526648B2C0097A732 /* ViewController */,
				6438A77E26648ACC0097A732 /* AppDelegate.swift */,
			);
			path = MyLocation;
			sourceTree = "<group>";
		};
		6438A79226648B040097A732 /* Materail */ = {
			isa = PBXGroup;
			children = (
				6438A78726648ACC0097A732 /* Assets.xcassets */,
			);
			path = Materail;
			sourceTree = "<group>";
		};
		6438A79326648B150097A732 /* Storyboard */ = {
			isa = PBXGroup;
			children = (
				6438A78926648ACC0097A732 /* LaunchScreen.storyboard */,
				6438A78426648ACC0097A732 /* Main.storyboard */,
			);
			path = Storyboard;
			sourceTree = "<group>";
		};
		6438A79426648B210097A732 /* Setting */ = {
			isa = PBXGroup;
			children = (
				6438A78C26648ACC0097A732 /* Info.plist */,
			);
			name = Setting;
			sourceTree = "<group>";
		};
		6438A79526648B2C0097A732 /* ViewController */ = {
			isa = PBXGroup;
			children = (
				6438A79626648B900097A732 /* Extension+..swift */,
				6438A798266491DF0097A732 /* Utility.swift */,
				6438A78226648ACC0097A732 /* ViewController.swift */,
			);
			path = ViewController;
			sourceTree = "<group>";
		};
/* End PBXGroup section */

/* Begin PBXNativeTarget section */
		6438A77A26648ACC0097A732 /* MyLocation */ = {
			isa = PBXNativeTarget;
			buildConfigurationList = 6438A78F26648ACC0097A732 /* Build configuration list for PBXNativeTarget "MyLocation" */;
			buildPhases = (
				6438A77726648ACC0097A732 /* Sources */,
				6438A77826648ACC0097A732 /* Frameworks */,
				6438A77926648ACC0097A732 /* Resources */,
			);
			buildRules = (
			);
			dependencies = (
			);
			name = MyLocation;
			productName = MyLocation;
			productReference = 6438A77B26648ACC0097A732 /* MyLocation.app */;
			productType = "com.apple.product-type.application";
		};
/* End PBXNativeTarget section */

/* Begin PBXProject section */
		6438A77326648ACC0097A732 /* Project object */ = {
			isa = PBXProject;
			attributes = {
				LastSwiftUpdateCheck = 1250;
				LastUpgradeCheck = 1250;
				TargetAttributes = {
					6438A77A26648ACC0097A732 = {
						CreatedOnToolsVersion = 12.5;
					};
				};
			};
			buildConfigurationList = 6438A77626648ACC0097A732 /* Build configuration list for PBXProject "MyLocation" */;
			compatibilityVersion = "Xcode 9.3";
			developmentRegion = en;
			hasScannedForEncodings = 0;
			knownRegions = (
				en,
				Base,
			);
			mainGroup = 6438A77226648ACC0097A732;
			productRefGroup = 6438A77C26648ACC0097A732 /* Products */;
			projectDirPath = "";
			projectRoot = "";
			targets = (
				6438A77A26648ACC0097A732 /* MyLocation */,
			);
		};
/* End PBXProject section */

/* Begin PBXResourcesBuildPhase section */
		6438A77926648ACC0097A732 /* Resources */ = {
			isa = PBXResourcesBuildPhase;
			buildActionMask = 2147483647;
			files = (
				6438A78B26648ACC0097A732 /* LaunchScreen.storyboard in Resources */,
				6438A78826648ACC0097A732 /* Assets.xcassets in Resources */,
				6438A78626648ACC0097A732 /* Main.storyboard in Resources */,
			);
			runOnlyForDeploymentPostprocessing = 0;
		};
/* End PBXResourcesBuildPhase section */

/* Begin PBXSourcesBuildPhase section */
		6438A77726648ACC0097A732 /* Sources */ = {
			isa = PBXSourcesBuildPhase;
			buildActionMask = 2147483647;
			files = (
				6438A799266491DF0097A732 /* Utility.swift in Sources */,
				6438A78326648ACC0097A732 /* ViewController.swift in Sources */,
				6438A79726648B900097A732 /* Extension+..swift in Sources */,
				6438A77F26648ACC0097A732 /* AppDelegate.swift in Sources */,
			);
			runOnlyForDeploymentPostprocessing = 0;
		};
/* End PBXSourcesBuildPhase section */

/* Begin PBXVariantGroup section */
		6438A78426648ACC0097A732 /* Main.storyboard */ = {
			isa = PBXVariantGroup;
			children = (
				6438A78526648ACC0097A732 /* Base */,
			);
			name = Main.storyboard;
			sourceTree = "<group>";
		};
		6438A78926648ACC0097A732 /* LaunchScreen.storyboard */ = {
			isa = PBXVariantGroup;
			children = (
				6438A78A26648ACC0097A732 /* Base */,
			);
			name = LaunchScreen.storyboard;
			sourceTree = "<group>";
		};
/* End PBXVariantGroup section */

/* Begin XCBuildConfiguration section */
		6438A78D26648ACC0097A732 /* Debug */ = {
			isa = XCBuildConfiguration;
			buildSettings = {
				ALWAYS_SEARCH_USER_PATHS = NO;
				CLANG_ANALYZER_NONNULL = YES;
				CLANG_ANALYZER_NUMBER_OBJECT_CONVERSION = YES_AGGRESSIVE;
				CLANG_CXX_LANGUAGE_STANDARD = "gnu++14";
				CLANG_CXX_LIBRARY = "libc++";
				CLANG_ENABLE_MODULES = YES;
				CLANG_ENABLE_OBJC_ARC = YES;
				CLANG_ENABLE_OBJC_WEAK = YES;
				CLANG_WARN_BLOCK_CAPTURE_AUTORELEASING = YES;
				CLANG_WARN_BOOL_CONVERSION = YES;
				CLANG_WARN_COMMA = YES;
				CLANG_WARN_CONSTANT_CONVERSION = YES;
				CLANG_WARN_DEPRECATED_OBJC_IMPLEMENTATIONS = YES;
				CLANG_WARN_DIRECT_OBJC_ISA_USAGE = YES_ERROR;
				CLANG_WARN_DOCUMENTATION_COMMENTS = YES;
				CLANG_WARN_EMPTY_BODY = YES;
				CLANG_WARN_ENUM_CONVERSION = YES;
				CLANG_WARN_INFINITE_RECURSION = YES;
				CLANG_WARN_INT_CONVERSION = YES;
				CLANG_WARN_NON_LITERAL_NULL_CONVERSION = YES;
				CLANG_WARN_OBJC_IMPLICIT_RETAIN_SELF = YES;
				CLANG_WARN_OBJC_LITERAL_CONVERSION = YES;
				CLANG_WARN_OBJC_ROOT_CLASS = YES_ERROR;
				CLANG_WARN_QUOTED_INCLUDE_IN_FRAMEWORK_HEADER = YES;
				CLANG_WARN_RANGE_LOOP_ANALYSIS = YES;
				CLANG_WARN_STRICT_PROTOTYPES = YES;
				CLANG_WARN_SUSPICIOUS_MOVE = YES;
				CLANG_WARN_UNGUARDED_AVAILABILITY = YES_AGGRESSIVE;
				CLANG_WARN_UNREACHABLE_CODE = YES;
				CLANG_WARN__DUPLICATE_METHOD_MATCH = YES;
				COPY_PHASE_STRIP = NO;
				DEBUG_INFORMATION_FORMAT = dwarf;
				ENABLE_STRICT_OBJC_MSGSEND = YES;
				ENABLE_TESTABILITY = YES;
				GCC_C_LANGUAGE_STANDARD = gnu11;
				GCC_DYNAMIC_NO_PIC = NO;
				GCC_NO_COMMON_BLOCKS = YES;
				GCC_OPTIMIZATION_LEVEL = 0;
				GCC_PREPROCESSOR_DEFINITIONS = (
					"DEBUG=1",
					"$(inherited)",
				);
				GCC_WARN_64_TO_32_BIT_CONVERSION = YES;
				GCC_WARN_ABOUT_RETURN_TYPE = YES_ERROR;
				GCC_WARN_UNDECLARED_SELECTOR = YES;
				GCC_WARN_UNINITIALIZED_AUTOS = YES_AGGRESSIVE;
				GCC_WARN_UNUSED_FUNCTION = YES;
				GCC_WARN_UNUSED_VARIABLE = YES;
				IPHONEOS_DEPLOYMENT_TARGET = 14.5;
				MTL_ENABLE_DEBUG_INFO = INCLUDE_SOURCE;
				MTL_FAST_MATH = YES;
				ONLY_ACTIVE_ARCH = YES;
				SDKROOT = iphoneos;
				SWIFT_ACTIVE_COMPILATION_CONDITIONS = DEBUG;
				SWIFT_OPTIMIZATION_LEVEL = "-Onone";
			};
			name = Debug;
		};
		6438A78E26648ACC0097A732 /* Release */ = {
			isa = XCBuildConfiguration;
			buildSettings = {
				ALWAYS_SEARCH_USER_PATHS = NO;
				CLANG_ANALYZER_NONNULL = YES;
				CLANG_ANALYZER_NUMBER_OBJECT_CONVERSION = YES_AGGRESSIVE;
				CLANG_CXX_LANGUAGE_STANDARD = "gnu++14";
				CLANG_CXX_LIBRARY = "libc++";
				CLANG_ENABLE_MODULES = YES;
				CLANG_ENABLE_OBJC_ARC = YES;
				CLANG_ENABLE_OBJC_WEAK = YES;
				CLANG_WARN_BLOCK_CAPTURE_AUTORELEASING = YES;
				CLANG_WARN_BOOL_CONVERSION = YES;
				CLANG_WARN_COMMA = YES;
				CLANG_WARN_CONSTANT_CONVERSION = YES;
				CLANG_WARN_DEPRECATED_OBJC_IMPLEMENTATIONS = YES;
				CLANG_WARN_DIRECT_OBJC_ISA_USAGE = YES_ERROR;
				CLANG_WARN_DOCUMENTATION_COMMENTS = YES;
				CLANG_WARN_EMPTY_BODY = YES;
				CLANG_WARN_ENUM_CONVERSION = YES;
				CLANG_WARN_INFINITE_RECURSION = YES;
				CLANG_WARN_INT_CONVERSION = YES;
				CLANG_WARN_NON_LITERAL_NULL_CONVERSION = YES;
				CLANG_WARN_OBJC_IMPLICIT_RETAIN_SELF = YES;
				CLANG_WARN_OBJC_LITERAL_CONVERSION = YES;
				CLANG_WARN_OBJC_ROOT_CLASS = YES_ERROR;
				CLANG_WARN_QUOTED_INCLUDE_IN_FRAMEWORK_HEADER = YES;
				CLANG_WARN_RANGE_LOOP_ANALYSIS = YES;
				CLANG_WARN_STRICT_PROTOTYPES = YES;
				CLANG_WARN_SUSPICIOUS_MOVE = YES;
				CLANG_WARN_UNGUARDED_AVAILABILITY = YES_AGGRESSIVE;
				CLANG_WARN_UNREACHABLE_CODE = YES;
				CLANG_WARN__DUPLICATE_METHOD_MATCH = YES;
				COPY_PHASE_STRIP = NO;
				DEBUG_INFORMATION_FORMAT = "dwarf-with-dsym";
				ENABLE_NS_ASSERTIONS = NO;
				ENABLE_STRICT_OBJC_MSGSEND = YES;
				GCC_C_LANGUAGE_STANDARD = gnu11;
				GCC_NO_COMMON_BLOCKS = YES;
				GCC_WARN_64_TO_32_BIT_CONVERSION = YES;
				GCC_WARN_ABOUT_RETURN_TYPE = YES_ERROR;
				GCC_WARN_UNDECLARED_SELECTOR = YES;
				GCC_WARN_UNINITIALIZED_AUTOS = YES_AGGRESSIVE;
				GCC_WARN_UNUSED_FUNCTION = YES;
				GCC_WARN_UNUSED_VARIABLE = YES;
				IPHONEOS_DEPLOYMENT_TARGET = 14.5;
				MTL_ENABLE_DEBUG_INFO = NO;
				MTL_FAST_MATH = YES;
				SDKROOT = iphoneos;
				SWIFT_COMPILATION_MODE = wholemodule;
				SWIFT_OPTIMIZATION_LEVEL = "-O";
				VALIDATE_PRODUCT = YES;
			};
			name = Release;
		};
		6438A79026648ACC0097A732 /* Debug */ = {
			isa = XCBuildConfiguration;
			buildSettings = {
				ASSETCATALOG_COMPILER_APPICON_NAME = AppIcon;
				ASSETCATALOG_COMPILER_GLOBAL_ACCENT_COLOR_NAME = AccentColor;
				CODE_SIGN_STYLE = Automatic;
				DEVELOPMENT_TEAM = 4Q5CYDAG3B;
				INFOPLIST_FILE = MyLocation/Info.plist;
				IPHONEOS_DEPLOYMENT_TARGET = 12.1;
				LD_RUNPATH_SEARCH_PATHS = (
					"$(inherited)",
					"@executable_path/Frameworks",
				);
				PRODUCT_BUNDLE_IDENTIFIER = idv.william.MyLocation;
				PRODUCT_NAME = "$(TARGET_NAME)";
				SWIFT_VERSION = 5.0;
				TARGETED_DEVICE_FAMILY = "1,2";
			};
			name = Debug;
		};
		6438A79126648ACC0097A732 /* Release */ = {
			isa = XCBuildConfiguration;
			buildSettings = {
				ASSETCATALOG_COMPILER_APPICON_NAME = AppIcon;
				ASSETCATALOG_COMPILER_GLOBAL_ACCENT_COLOR_NAME = AccentColor;
				CODE_SIGN_STYLE = Automatic;
				DEVELOPMENT_TEAM = 4Q5CYDAG3B;
				INFOPLIST_FILE = MyLocation/Info.plist;
				IPHONEOS_DEPLOYMENT_TARGET = 12.1;
				LD_RUNPATH_SEARCH_PATHS = (
					"$(inherited)",
					"@executable_path/Frameworks",
				);
				PRODUCT_BUNDLE_IDENTIFIER = idv.william.MyLocation;
				PRODUCT_NAME = "$(TARGET_NAME)";
				SWIFT_VERSION = 5.0;
				TARGETED_DEVICE_FAMILY = "1,2";
			};
			name = Release;
		};
/* End XCBuildConfiguration section */

/* Begin XCConfigurationList section */
		6438A77626648ACC0097A732 /* Build configuration list for PBXProject "MyLocation" */ = {
			isa = XCConfigurationList;
			buildConfigurations = (
				6438A78D26648ACC0097A732 /* Debug */,
				6438A78E26648ACC0097A732 /* Release */,
			);
			defaultConfigurationIsVisible = 0;
			defaultConfigurationName = Release;
		};
		6438A78F26648ACC0097A732 /* Build configuration list for PBXNativeTarget "MyLocation" */ = {
			isa = XCConfigurationList;
			buildConfigurations = (
				6438A79026648ACC0097A732 /* Debug */,
				6438A79126648ACC0097A732 /* Release */,
			);
			defaultConfigurationIsVisible = 0;
			defaultConfigurationName = Release;
		};
/* End XCConfigurationList section */
	};
	rootObject = 6438A77326648ACC0097A732 /* Project object */;
}
